
Microsoft Visual Studio Solution File, Format Version 10.00
# Visual Studio 2008
Project("{FAE04EC0-301F-11D3-BF4B-00C04F79EFBC}") = "GxGetImage_VS2008", "GxGetImage\GxGetImage_VS2008.csproj", "{74EDB293-B31E-4689-B17A-AAA769C4F11B}"
EndProject
Project("{FAE04EC0-301F-11D3-BF4B-00C04F79EFBC}") = "GxSingleCam_VS2008", "GxSingleCam\GxSingleCam_VS2008.csproj", "{3BD133B8-770A-4DDF-B113-539DCD22FC88}"
EndProject
Project("{FAE04EC0-301F-11D3-BF4B-00C04F79EFBC}") = "GxCameraEvents_VS2008", "GxCameraEvents\GxCameraEvents_VS2008.csproj", "{CCE0DB00-A1B5-4AC1-ABF4-541557F82EBB}"
EndProject
Project("{FAE04EC0-301F-11D3-BF4B-00C04F79EFBC}") = "GxGigeRecovery_VS2008", "GxGigeRecovery\GxGigeRecovery_VS2008.csproj", "{0F0B43BE-8EAE-47AD-B9E6-CA1EE682819B}"
EndProject
Project("{FAE04EC0-301F-11D3-BF4B-00C04F79EFBC}") = "GxImageProcess_VS2008", "GxImageProcess\GxImageProcess_VS2008.csproj", "{A5319FB4-0421-4C18-8398-0DC636CF90CC}"
EndProject
Project("{FAE04EC0-301F-11D3-BF4B-00C04F79EFBC}") = "GxMultiCam_VS2008", "GxMultiCam\GxMultiCam_VS2008.csproj", "{1C680DE9-E310-4BFC-B478-7C68E21DFE61}"
EndProject
Project("{FAE04EC0-301F-11D3-BF4B-00C04F79EFBC}") = "GxMultiCamForHDR_VS2008", "GxMultiCamForHDR\GxMultiCamForHDR_VS2008.csproj", "{B7E01888-D119-4B59-854E-F2857F723B67}"
EndProject
Project("{FAE04EC0-301F-11D3-BF4B-00C04F79EFBC}") = "GxSequencer_VS2008", "GxSequencer\GxSequencer_VS2008.csproj", "{B1D7CC6F-8DFA-40B2-81EF-6C2D1105667C}"
EndProject
Project("{FAE04EC0-301F-11D3-BF4B-00C04F79EFBC}") = "GxFlatFieldCorrection_VS2008", "GxFlatFieldCorrection\GxFlatFieldCorrection_VS2008.csproj", "{073C1EBF-AAF7-4104-8FDC-CF2233DEDAC6}"
EndProject
Project("{FAE04EC0-301F-11D3-BF4B-00C04F79EFBC}") = "GxChunkData_VS2008", "GxChunkData\GxChunkData_VS2008.csproj", "{C4D93632-F8A1-41F3-8846-B9C701380B12}"
EndProject
Project("{FAE04EC0-301F-11D3-BF4B-00C04F79EFBC}") = "GxDecompression_VS2008", "GxDecompression\GxDecompression_VS2008.csproj", "{DD049B5E-3189-41B3-BBB4-005F2440C86B}"
EndProject
Global
	GlobalSection(SolutionConfigurationPlatforms) = preSolution
		Debug|Mixed Platforms = Debug|Mixed Platforms
		Debug|x64 = Debug|x64
		Debug|x86 = Debug|x86
		Release|Mixed Platforms = Release|Mixed Platforms
		Release|x64 = Release|x64
		Release|x86 = Release|x86
	EndGlobalSection
	GlobalSection(ProjectConfigurationPlatforms) = postSolution
		{74EDB293-B31E-4689-B17A-AAA769C4F11B}.Debug|Mixed Platforms.ActiveCfg = Debug|x86
		{74EDB293-B31E-4689-B17A-AAA769C4F11B}.Debug|Mixed Platforms.Build.0 = Debug|x86
		{74EDB293-B31E-4689-B17A-AAA769C4F11B}.Debug|x64.ActiveCfg = Debug|x86
		{74EDB293-B31E-4689-B17A-AAA769C4F11B}.Debug|x86.ActiveCfg = Debug|x86
		{74EDB293-B31E-4689-B17A-AAA769C4F11B}.Debug|x86.Build.0 = Debug|x86
		{74EDB293-B31E-4689-B17A-AAA769C4F11B}.Release|Mixed Platforms.ActiveCfg = Release|x86
		{74EDB293-B31E-4689-B17A-AAA769C4F11B}.Release|Mixed Platforms.Build.0 = Release|x86
		{74EDB293-B31E-4689-B17A-AAA769C4F11B}.Release|x64.ActiveCfg = Release|x86
		{74EDB293-B31E-4689-B17A-AAA769C4F11B}.Release|x86.ActiveCfg = Release|x86
		{74EDB293-B31E-4689-B17A-AAA769C4F11B}.Release|x86.Build.0 = Release|x86
		{3BD133B8-770A-4DDF-B113-539DCD22FC88}.Debug|Mixed Platforms.ActiveCfg = Debug|x86
		{3BD133B8-770A-4DDF-B113-539DCD22FC88}.Debug|Mixed Platforms.Build.0 = Debug|x86
		{3BD133B8-770A-4DDF-B113-539DCD22FC88}.Debug|x64.ActiveCfg = Debug|x86
		{3BD133B8-770A-4DDF-B113-539DCD22FC88}.Debug|x86.ActiveCfg = Debug|x86
		{3BD133B8-770A-4DDF-B113-539DCD22FC88}.Debug|x86.Build.0 = Debug|x86
		{3BD133B8-770A-4DDF-B113-539DCD22FC88}.Release|Mixed Platforms.ActiveCfg = Release|x86
		{3BD133B8-770A-4DDF-B113-539DCD22FC88}.Release|Mixed Platforms.Build.0 = Release|x86
		{3BD133B8-770A-4DDF-B113-539DCD22FC88}.Release|x64.ActiveCfg = Release|x86
		{3BD133B8-770A-4DDF-B113-539DCD22FC88}.Release|x86.ActiveCfg = Release|x86
		{3BD133B8-770A-4DDF-B113-539DCD22FC88}.Release|x86.Build.0 = Release|x86
		{CCE0DB00-A1B5-4AC1-ABF4-541557F82EBB}.Debug|Mixed Platforms.ActiveCfg = Debug|x86
		{CCE0DB00-A1B5-4AC1-ABF4-541557F82EBB}.Debug|Mixed Platforms.Build.0 = Debug|x86
		{CCE0DB00-A1B5-4AC1-ABF4-541557F82EBB}.Debug|x64.ActiveCfg = Debug|x86
		{CCE0DB00-A1B5-4AC1-ABF4-541557F82EBB}.Debug|x86.ActiveCfg = Debug|x86
		{CCE0DB00-A1B5-4AC1-ABF4-541557F82EBB}.Debug|x86.Build.0 = Debug|x86
		{CCE0DB00-A1B5-4AC1-ABF4-541557F82EBB}.Release|Mixed Platforms.ActiveCfg = Release|x86
		{CCE0DB00-A1B5-4AC1-ABF4-541557F82EBB}.Release|Mixed Platforms.Build.0 = Release|x86
		{CCE0DB00-A1B5-4AC1-ABF4-541557F82EBB}.Release|x64.ActiveCfg = Release|x86
		{CCE0DB00-A1B5-4AC1-ABF4-541557F82EBB}.Release|x86.ActiveCfg = Release|x86
		{CCE0DB00-A1B5-4AC1-ABF4-541557F82EBB}.Release|x86.Build.0 = Release|x86
		{0F0B43BE-8EAE-47AD-B9E6-CA1EE682819B}.Debug|Mixed Platforms.ActiveCfg = Debug|x86
		{0F0B43BE-8EAE-47AD-B9E6-CA1EE682819B}.Debug|Mixed Platforms.Build.0 = Debug|x86
		{0F0B43BE-8EAE-47AD-B9E6-CA1EE682819B}.Debug|x64.ActiveCfg = Debug|x86
		{0F0B43BE-8EAE-47AD-B9E6-CA1EE682819B}.Debug|x86.ActiveCfg = Debug|x86
		{0F0B43BE-8EAE-47AD-B9E6-CA1EE682819B}.Debug|x86.Build.0 = Debug|x86
		{0F0B43BE-8EAE-47AD-B9E6-CA1EE682819B}.Release|Mixed Platforms.ActiveCfg = Release|x86
		{0F0B43BE-8EAE-47AD-B9E6-CA1EE682819B}.Release|Mixed Platforms.Build.0 = Release|x86
		{0F0B43BE-8EAE-47AD-B9E6-CA1EE682819B}.Release|x64.ActiveCfg = Release|x86
		{0F0B43BE-8EAE-47AD-B9E6-CA1EE682819B}.Release|x86.ActiveCfg = Release|x86
		{0F0B43BE-8EAE-47AD-B9E6-CA1EE682819B}.Release|x86.Build.0 = Release|x86
		{A5319FB4-0421-4C18-8398-0DC636CF90CC}.Debug|Mixed Platforms.ActiveCfg = Debug|x86
		{A5319FB4-0421-4C18-8398-0DC636CF90CC}.Debug|Mixed Platforms.Build.0 = Debug|x86
		{A5319FB4-0421-4C18-8398-0DC636CF90CC}.Debug|x64.ActiveCfg = Debug|x86
		{A5319FB4-0421-4C18-8398-0DC636CF90CC}.Debug|x86.ActiveCfg = Debug|x86
		{A5319FB4-0421-4C18-8398-0DC636CF90CC}.Debug|x86.Build.0 = Debug|x86
		{A5319FB4-0421-4C18-8398-0DC636CF90CC}.Release|Mixed Platforms.ActiveCfg = Release|x86
		{A5319FB4-0421-4C18-8398-0DC636CF90CC}.Release|Mixed Platforms.Build.0 = Release|x86
		{A5319FB4-0421-4C18-8398-0DC636CF90CC}.Release|x64.ActiveCfg = Release|x86
		{A5319FB4-0421-4C18-8398-0DC636CF90CC}.Release|x86.ActiveCfg = Release|x86
		{A5319FB4-0421-4C18-8398-0DC636CF90CC}.Release|x86.Build.0 = Release|x86
		{1C680DE9-E310-4BFC-B478-7C68E21DFE61}.Debug|Mixed Platforms.ActiveCfg = Debug|x86
		{1C680DE9-E310-4BFC-B478-7C68E21DFE61}.Debug|Mixed Platforms.Build.0 = Debug|x86
		{1C680DE9-E310-4BFC-B478-7C68E21DFE61}.Debug|x64.ActiveCfg = Debug|x86
		{1C680DE9-E310-4BFC-B478-7C68E21DFE61}.Debug|x86.ActiveCfg = Debug|x86
		{1C680DE9-E310-4BFC-B478-7C68E21DFE61}.Debug|x86.Build.0 = Debug|x86
		{1C680DE9-E310-4BFC-B478-7C68E21DFE61}.Release|Mixed Platforms.ActiveCfg = Release|x86
		{1C680DE9-E310-4BFC-B478-7C68E21DFE61}.Release|Mixed Platforms.Build.0 = Release|x86
		{1C680DE9-E310-4BFC-B478-7C68E21DFE61}.Release|x64.ActiveCfg = Release|x86
		{1C680DE9-E310-4BFC-B478-7C68E21DFE61}.Release|x86.ActiveCfg = Release|x86
		{1C680DE9-E310-4BFC-B478-7C68E21DFE61}.Release|x86.Build.0 = Release|x86
		{B7E01888-D119-4B59-854E-F2857F723B67}.Debug|Mixed Platforms.ActiveCfg = Debug|x86
		{B7E01888-D119-4B59-854E-F2857F723B67}.Debug|Mixed Platforms.Build.0 = Debug|x86
		{B7E01888-D119-4B59-854E-F2857F723B67}.Debug|x64.ActiveCfg = Debug|x86
		{B7E01888-D119-4B59-854E-F2857F723B67}.Debug|x86.ActiveCfg = Debug|x86
		{B7E01888-D119-4B59-854E-F2857F723B67}.Debug|x86.Build.0 = Debug|x86
		{B7E01888-D119-4B59-854E-F2857F723B67}.Release|Mixed Platforms.ActiveCfg = Release|x86
		{B7E01888-D119-4B59-854E-F2857F723B67}.Release|Mixed Platforms.Build.0 = Release|x86
		{B7E01888-D119-4B59-854E-F2857F723B67}.Release|x64.ActiveCfg = Release|x86
		{B7E01888-D119-4B59-854E-F2857F723B67}.Release|x86.ActiveCfg = Release|x86
		{B7E01888-D119-4B59-854E-F2857F723B67}.Release|x86.Build.0 = Release|x86
		{B1D7CC6F-8DFA-40B2-81EF-6C2D1105667C}.Debug|Mixed Platforms.ActiveCfg = Debug|x86
		{B1D7CC6F-8DFA-40B2-81EF-6C2D1105667C}.Debug|Mixed Platforms.Build.0 = Debug|x86
		{B1D7CC6F-8DFA-40B2-81EF-6C2D1105667C}.Debug|x64.ActiveCfg = Debug|x64
		{B1D7CC6F-8DFA-40B2-81EF-6C2D1105667C}.Debug|x64.Build.0 = Debug|x64
		{B1D7CC6F-8DFA-40B2-81EF-6C2D1105667C}.Debug|x86.ActiveCfg = Debug|x86
		{B1D7CC6F-8DFA-40B2-81EF-6C2D1105667C}.Debug|x86.Build.0 = Debug|x86
		{B1D7CC6F-8DFA-40B2-81EF-6C2D1105667C}.Release|Mixed Platforms.ActiveCfg = Release|x86
		{B1D7CC6F-8DFA-40B2-81EF-6C2D1105667C}.Release|Mixed Platforms.Build.0 = Release|x86
		{B1D7CC6F-8DFA-40B2-81EF-6C2D1105667C}.Release|x64.ActiveCfg = Release|x64
		{B1D7CC6F-8DFA-40B2-81EF-6C2D1105667C}.Release|x64.Build.0 = Release|x64
		{B1D7CC6F-8DFA-40B2-81EF-6C2D1105667C}.Release|x86.ActiveCfg = Release|x86
		{B1D7CC6F-8DFA-40B2-81EF-6C2D1105667C}.Release|x86.Build.0 = Release|x86
		{073C1EBF-AAF7-4104-8FDC-CF2233DEDAC6}.Debug|Mixed Platforms.ActiveCfg = Debug|x86
		{073C1EBF-AAF7-4104-8FDC-CF2233DEDAC6}.Debug|Mixed Platforms.Build.0 = Debug|x86
		{073C1EBF-AAF7-4104-8FDC-CF2233DEDAC6}.Debug|x64.ActiveCfg = Debug|x86
		{073C1EBF-AAF7-4104-8FDC-CF2233DEDAC6}.Debug|x86.ActiveCfg = Debug|x86
		{073C1EBF-AAF7-4104-8FDC-CF2233DEDAC6}.Debug|x86.Build.0 = Debug|x86
		{073C1EBF-AAF7-4104-8FDC-CF2233DEDAC6}.Release|Mixed Platforms.ActiveCfg = Release|x86
		{073C1EBF-AAF7-4104-8FDC-CF2233DEDAC6}.Release|Mixed Platforms.Build.0 = Release|x86
		{073C1EBF-AAF7-4104-8FDC-CF2233DEDAC6}.Release|x64.ActiveCfg = Release|x86
		{073C1EBF-AAF7-4104-8FDC-CF2233DEDAC6}.Release|x86.ActiveCfg = Release|x86
		{073C1EBF-AAF7-4104-8FDC-CF2233DEDAC6}.Release|x86.Build.0 = Release|x86
		{C4D93632-F8A1-41F3-8846-B9C701380B12}.Debug|Mixed Platforms.ActiveCfg = Debug|x64
		{C4D93632-F8A1-41F3-8846-B9C701380B12}.Debug|Mixed Platforms.Build.0 = Debug|x64
		{C4D93632-F8A1-41F3-8846-B9C701380B12}.Debug|x64.ActiveCfg = Debug|x64
		{C4D93632-F8A1-41F3-8846-B9C701380B12}.Debug|x64.Build.0 = Debug|x64
		{C4D93632-F8A1-41F3-8846-B9C701380B12}.Debug|x86.ActiveCfg = Debug|x64
		{C4D93632-F8A1-41F3-8846-B9C701380B12}.Release|Mixed Platforms.ActiveCfg = Release|x64
		{C4D93632-F8A1-41F3-8846-B9C701380B12}.Release|Mixed Platforms.Build.0 = Release|x64
		{C4D93632-F8A1-41F3-8846-B9C701380B12}.Release|x64.ActiveCfg = Release|x64
		{C4D93632-F8A1-41F3-8846-B9C701380B12}.Release|x64.Build.0 = Release|x64
		{C4D93632-F8A1-41F3-8846-B9C701380B12}.Release|x86.ActiveCfg = Release|x64
		{DD049B5E-3189-41B3-BBB4-005F2440C86B}.Debug|Mixed Platforms.ActiveCfg = Debug|x86
		{DD049B5E-3189-41B3-BBB4-005F2440C86B}.Debug|Mixed Platforms.Build.0 = Debug|x86
		{DD049B5E-3189-41B3-BBB4-005F2440C86B}.Debug|x64.ActiveCfg = Debug|x86
		{DD049B5E-3189-41B3-BBB4-005F2440C86B}.Debug|x86.ActiveCfg = Debug|x86
		{DD049B5E-3189-41B3-BBB4-005F2440C86B}.Debug|x86.Build.0 = Debug|x86
		{DD049B5E-3189-41B3-BBB4-005F2440C86B}.Release|Mixed Platforms.ActiveCfg = Release|x86
		{DD049B5E-3189-41B3-BBB4-005F2440C86B}.Release|Mixed Platforms.Build.0 = Release|x86
		{DD049B5E-3189-41B3-BBB4-005F2440C86B}.Release|x64.ActiveCfg = Release|x86
		{DD049B5E-3189-41B3-BBB4-005F2440C86B}.Release|x86.ActiveCfg = Release|x86
		{DD049B5E-3189-41B3-BBB4-005F2440C86B}.Release|x86.Build.0 = Release|x86
	EndGlobalSection
	GlobalSection(SolutionProperties) = preSolution
		HideSolutionNode = FALSE
	EndGlobalSection
EndGlobal
