
Microsoft Visual Studio Solution File, Format Version 12.00
# Visual Studio 15
VisualStudioVersion = 15.0.33801.198
MinimumVisualStudioVersion = 10.0.40219.1
Project("{8BC9CEB8-8B4A-11D0-8D11-00A0C91BC942}") = "GxSingleCam_VS2013", "GxSingleCam_VS2013.vcxproj", "{A65F83C9-9EDA-4E0D-A99C-0B39A4FB8808}"
EndProject
Global
	GlobalSection(SolutionConfigurationPlatforms) = preSolution
		Debug|x64 = Debug|x64
		Debug|x86 = Debug|x86
		Release|x64 = Release|x64
		Release|x86 = Release|x86
	EndGlobalSection
	GlobalSection(ProjectConfigurationPlatforms) = postSolution
		{A65F83C9-9EDA-4E0D-A99C-0B39A4FB8808}.Debug|x64.ActiveCfg = Debug|x64
		{A65F83C9-9EDA-4E0D-A99C-0B39A4FB8808}.Debug|x64.Build.0 = Debug|x64
		{A65F83C9-9EDA-4E0D-A99C-0B39A4FB8808}.Debug|x86.ActiveCfg = Debug|Win32
		{A65F83C9-9EDA-4E0D-A99C-0B39A4FB8808}.Debug|x86.Build.0 = Debug|Win32
		{A65F83C9-9EDA-4E0D-A99C-0B39A4FB8808}.Release|x64.ActiveCfg = Release|x64
		{A65F83C9-9EDA-4E0D-A99C-0B39A4FB8808}.Release|x64.Build.0 = Release|x64
		{A65F83C9-9EDA-4E0D-A99C-0B39A4FB8808}.Release|x86.ActiveCfg = Release|Win32
		{A65F83C9-9EDA-4E0D-A99C-0B39A4FB8808}.Release|x86.Build.0 = Release|Win32
	EndGlobalSection
	GlobalSection(SolutionProperties) = preSolution
		HideSolutionNode = FALSE
	EndGlobalSection
	GlobalSection(ExtensibilityGlobals) = postSolution
		SolutionGuid = {9BE08502-E931-4EBF-9025-0DAD0D99062D}
	EndGlobalSection
EndGlobal
