
Microsoft Visual Studio Solution File, Format Version 11.00
# Visual Studio 2010
Project("{8BC9CEB8-8B4A-11D0-8D11-00A0C91BC942}") = "GxAutoFuncCtrl_VS2010", "GxAutoFuncCtrl\GxAutoFuncCtrl_VS2010.vcxproj", "{A7564253-1A57-95DE-32BF-0175A4CEC390}"
EndProject
Project("{8BC9CEB8-8B4A-11D0-8D11-00A0C91BC942}") = "GxGetImage_VS2010", "GxGetImage\GxGetImage_VS2010.vcxproj", "{D60351E5-7CBF-47BC-8DC8-65C83FD96E5E}"
EndProject
Project("{8BC9CEB8-8B4A-11D0-8D11-00A0C91BC942}") = "GxIOSample_VS2010", "GxIOSample\GxIOSample_VS2010.vcxproj", "{D87F3BCE-0A2C-4D73-82F4-8778440F9BB2}"
EndProject
Project("{8BC9CEB8-8B4A-11D0-8D11-00A0C91BC942}") = "GxMultiCam_VS2010", "GxMultiCam\GxMultiCam_VS2010.vcxproj", "{F55F9EBD-98AA-7601-1763-C25693E96808}"
EndProject
Project("{8BC9CEB8-8B4A-11D0-8D11-00A0C91BC942}") = "GxUSBSnapPnp_VS2010", "GxUSBSnapPnp\GxUSBSnapPnp_VS2010.vcxproj", "{62FC65E6-FA1C-4F81-9061-EB9C3E534191}"
EndProject
Project("{8BC9CEB8-8B4A-11D0-8D11-00A0C91BC942}") = "GxStoreAVI_VS2010", "GxStoreAVI\GxStoreAVI_VS2010.vcxproj", "{A6CB604B-18A9-A0BE-11D7-7CD5603B4219}"
EndProject
Project("{8BC9CEB8-8B4A-11D0-8D11-00A0C91BC942}") = "GxViewer_VS2010", "GxViewer\GxViewer_VS2010.vcxproj", "{CFB01A6C-42BC-79F7-26AB-9A8EA10983A0}"
EndProject
Project("{8BC9CEB8-8B4A-11D0-8D11-00A0C91BC942}") = "GxCameraEvents_VS2010", "GxCameraEvents\GxCameraEvents_VS2010.vcxproj", "{E0CDAC07-CDB6-D8C5-E30A-AB4D635CF3CB}"
EndProject
Project("{8BC9CEB8-8B4A-11D0-8D11-00A0C91BC942}") = "GxGigeRecovery_VS2010", "GxGigeRecovery\GxGigeRecovery_VS2010.vcxproj", "{D9F5710E-EBE4-7C99-4F45-4A4B67F1B0DD}"
EndProject
Project("{8BC9CEB8-8B4A-11D0-8D11-00A0C91BC942}") = "GxImageProcess_VS2010", "GxImageProcess\GxImageProcess_VS2010.vcxproj", "{B1A76D2B-F5E6-F6C4-4422-923A0E4D95C3}"
EndProject
Project("{8BC9CEB8-8B4A-11D0-8D11-00A0C91BC942}") = "GxSnapRaw16_VS2010", "GxSnapRaw16\GxSnapRaw16_VS2010.vcxproj", "{DDD164F3-83C9-30E1-37C2-AE6291ACA01E}"
EndProject
Project("{8BC9CEB8-8B4A-11D0-8D11-00A0C91BC942}") = "GxTransferDelay_VS2010", "GxTransferDelay\GxTransferDelay_VS2010.vcxproj", "{0EBED1BE-27A9-D7BC-773C-DA1D773B3AE2}"
EndProject
Project("{8BC9CEB8-8B4A-11D0-8D11-00A0C91BC942}") = "GxFlatFieldCorrection_VS2010", "GxFlatFieldCorrection\GxFlatFieldCorrection_VS2010.vcxproj", "{05B8D2AD-3BCC-5151-C78A-4F1520606092}"
EndProject
Project("{8BC9CEB8-8B4A-11D0-8D11-00A0C91BC942}") = "GxMultiCamForHDR_VS2010", "GxMultiCamForHDR\GxMultiCamForHDR_VS2010.vcxproj", "{0C6958F8-515F-9919-4C61-524655891BE3}"
EndProject
Project("{8BC9CEB8-8B4A-11D0-8D11-00A0C91BC942}") = "GxSimpleGrab_VS2010", "GxSimpleGrab\GxSimpleGrab_VS2010.vcxproj", "{1C88F171-2866-78FD-744C-FB4F15D3D174}"
EndProject
Project("{8BC9CEB8-8B4A-11D0-8D11-00A0C91BC942}") = "GxSingleCam_VS2010", "GxSingleCam\GxSingleCam_VS2010.vcxproj", "{99953B0E-B8BF-AE16-0A58-6BEE373F482C}"
EndProject
Project("{8BC9CEB8-8B4A-11D0-8D11-00A0C91BC942}") = "GxSequencer_VS2010", "GxSequencer\GxSequencer_VS2010.vcxproj", "{EF7FDB84-9B75-4C12-A6E9-E253049B1B75}"
EndProject
Project("{8BC9CEB8-8B4A-11D0-8D11-00A0C91BC942}") = "GxActionCommand_VS2010", "GxActionCommand\GxActionCommand_VS2010.vcxproj", "{44B5A842-3893-97E8-D061-BEAD0F807A83}"
EndProject
Project("{8BC9CEB8-8B4A-11D0-8D11-00A0C91BC942}") = "GxAutoReconnect_VS2010", "GxAutoReconnect\GxAutoReconnect_VS2010.vcxproj", "{D7BF4BAD-5C20-405A-879F-B04CCE093F02}"
EndProject
Project("{8BC9CEB8-8B4A-11D0-8D11-00A0C91BC942}") = "GxChunkData_VS2010", "GxChunkData\GxChunkData_VS2010.vcxproj", "{3527D2E0-14B7-1072-2D45-67E1ECB5326B}"
EndProject
Project("{8BC9CEB8-8B4A-11D0-8D11-00A0C91BC942}") = "GxDecompression_VS2010", "GxDecompression\GxDecompression_VS2010.vcxproj", "{B2B1FBA0-45F1-4BBE-D1F6-0DBD0A7CCA8A}"
EndProject
Global
	GlobalSection(SolutionConfigurationPlatforms) = preSolution
		Debug|Win32 = Debug|Win32
		Debug|x64 = Debug|x64
		Release|Win32 = Release|Win32
		Release|x64 = Release|x64
	EndGlobalSection
	GlobalSection(ProjectConfigurationPlatforms) = postSolution
		{A7564253-1A57-95DE-32BF-0175A4CEC390}.Debug|Win32.ActiveCfg = Debug|Win32
		{A7564253-1A57-95DE-32BF-0175A4CEC390}.Debug|Win32.Build.0 = Debug|Win32
		{A7564253-1A57-95DE-32BF-0175A4CEC390}.Debug|x64.ActiveCfg = Debug|x64
		{A7564253-1A57-95DE-32BF-0175A4CEC390}.Debug|x64.Build.0 = Debug|x64
		{A7564253-1A57-95DE-32BF-0175A4CEC390}.Release|Win32.ActiveCfg = Release|Win32
		{A7564253-1A57-95DE-32BF-0175A4CEC390}.Release|Win32.Build.0 = Release|Win32
		{A7564253-1A57-95DE-32BF-0175A4CEC390}.Release|x64.ActiveCfg = Release|x64
		{A7564253-1A57-95DE-32BF-0175A4CEC390}.Release|x64.Build.0 = Release|x64
		{D60351E5-7CBF-47BC-8DC8-65C83FD96E5E}.Debug|Win32.ActiveCfg = Debug|Win32
		{D60351E5-7CBF-47BC-8DC8-65C83FD96E5E}.Debug|Win32.Build.0 = Debug|Win32
		{D60351E5-7CBF-47BC-8DC8-65C83FD96E5E}.Debug|x64.ActiveCfg = Debug|x64
		{D60351E5-7CBF-47BC-8DC8-65C83FD96E5E}.Debug|x64.Build.0 = Debug|x64
		{D60351E5-7CBF-47BC-8DC8-65C83FD96E5E}.Release|Win32.ActiveCfg = Release|Win32
		{D60351E5-7CBF-47BC-8DC8-65C83FD96E5E}.Release|Win32.Build.0 = Release|Win32
		{D60351E5-7CBF-47BC-8DC8-65C83FD96E5E}.Release|x64.ActiveCfg = Release|x64
		{D60351E5-7CBF-47BC-8DC8-65C83FD96E5E}.Release|x64.Build.0 = Release|x64
		{D87F3BCE-0A2C-4D73-82F4-8778440F9BB2}.Debug|Win32.ActiveCfg = Debug|Win32
		{D87F3BCE-0A2C-4D73-82F4-8778440F9BB2}.Debug|Win32.Build.0 = Debug|Win32
		{D87F3BCE-0A2C-4D73-82F4-8778440F9BB2}.Debug|x64.ActiveCfg = Debug|x64
		{D87F3BCE-0A2C-4D73-82F4-8778440F9BB2}.Debug|x64.Build.0 = Debug|x64
		{D87F3BCE-0A2C-4D73-82F4-8778440F9BB2}.Release|Win32.ActiveCfg = Release|Win32
		{D87F3BCE-0A2C-4D73-82F4-8778440F9BB2}.Release|Win32.Build.0 = Release|Win32
		{D87F3BCE-0A2C-4D73-82F4-8778440F9BB2}.Release|x64.ActiveCfg = Release|x64
		{D87F3BCE-0A2C-4D73-82F4-8778440F9BB2}.Release|x64.Build.0 = Release|x64
		{F55F9EBD-98AA-7601-1763-C25693E96808}.Debug|Win32.ActiveCfg = Debug|Win32
		{F55F9EBD-98AA-7601-1763-C25693E96808}.Debug|Win32.Build.0 = Debug|Win32
		{F55F9EBD-98AA-7601-1763-C25693E96808}.Debug|x64.ActiveCfg = Debug|x64
		{F55F9EBD-98AA-7601-1763-C25693E96808}.Debug|x64.Build.0 = Debug|x64
		{F55F9EBD-98AA-7601-1763-C25693E96808}.Release|Win32.ActiveCfg = Release|Win32
		{F55F9EBD-98AA-7601-1763-C25693E96808}.Release|Win32.Build.0 = Release|Win32
		{F55F9EBD-98AA-7601-1763-C25693E96808}.Release|x64.ActiveCfg = Release|x64
		{F55F9EBD-98AA-7601-1763-C25693E96808}.Release|x64.Build.0 = Release|x64
		{62FC65E6-FA1C-4F81-9061-EB9C3E534191}.Debug|Win32.ActiveCfg = Debug|Win32
		{62FC65E6-FA1C-4F81-9061-EB9C3E534191}.Debug|Win32.Build.0 = Debug|Win32
		{62FC65E6-FA1C-4F81-9061-EB9C3E534191}.Debug|x64.ActiveCfg = Debug|x64
		{62FC65E6-FA1C-4F81-9061-EB9C3E534191}.Debug|x64.Build.0 = Debug|x64
		{62FC65E6-FA1C-4F81-9061-EB9C3E534191}.Release|Win32.ActiveCfg = Release|Win32
		{62FC65E6-FA1C-4F81-9061-EB9C3E534191}.Release|Win32.Build.0 = Release|Win32
		{62FC65E6-FA1C-4F81-9061-EB9C3E534191}.Release|x64.ActiveCfg = Release|x64
		{62FC65E6-FA1C-4F81-9061-EB9C3E534191}.Release|x64.Build.0 = Release|x64
		{A6CB604B-18A9-A0BE-11D7-7CD5603B4219}.Debug|Win32.ActiveCfg = Debug|Win32
		{A6CB604B-18A9-A0BE-11D7-7CD5603B4219}.Debug|Win32.Build.0 = Debug|Win32
		{A6CB604B-18A9-A0BE-11D7-7CD5603B4219}.Debug|x64.ActiveCfg = Debug|x64
		{A6CB604B-18A9-A0BE-11D7-7CD5603B4219}.Debug|x64.Build.0 = Debug|x64
		{A6CB604B-18A9-A0BE-11D7-7CD5603B4219}.Release|Win32.ActiveCfg = Release|Win32
		{A6CB604B-18A9-A0BE-11D7-7CD5603B4219}.Release|Win32.Build.0 = Release|Win32
		{A6CB604B-18A9-A0BE-11D7-7CD5603B4219}.Release|x64.ActiveCfg = Release|x64
		{A6CB604B-18A9-A0BE-11D7-7CD5603B4219}.Release|x64.Build.0 = Release|x64
		{CFB01A6C-42BC-79F7-26AB-9A8EA10983A0}.Debug|Win32.ActiveCfg = Debug|Win32
		{CFB01A6C-42BC-79F7-26AB-9A8EA10983A0}.Debug|Win32.Build.0 = Debug|Win32
		{CFB01A6C-42BC-79F7-26AB-9A8EA10983A0}.Debug|x64.ActiveCfg = Debug|x64
		{CFB01A6C-42BC-79F7-26AB-9A8EA10983A0}.Debug|x64.Build.0 = Debug|x64
		{CFB01A6C-42BC-79F7-26AB-9A8EA10983A0}.Release|Win32.ActiveCfg = Release|Win32
		{CFB01A6C-42BC-79F7-26AB-9A8EA10983A0}.Release|Win32.Build.0 = Release|Win32
		{CFB01A6C-42BC-79F7-26AB-9A8EA10983A0}.Release|x64.ActiveCfg = Release|x64
		{CFB01A6C-42BC-79F7-26AB-9A8EA10983A0}.Release|x64.Build.0 = Release|x64
		{E0CDAC07-CDB6-D8C5-E30A-AB4D635CF3CB}.Debug|Win32.ActiveCfg = Debug|Win32
		{E0CDAC07-CDB6-D8C5-E30A-AB4D635CF3CB}.Debug|Win32.Build.0 = Debug|Win32
		{E0CDAC07-CDB6-D8C5-E30A-AB4D635CF3CB}.Debug|x64.ActiveCfg = Debug|x64
		{E0CDAC07-CDB6-D8C5-E30A-AB4D635CF3CB}.Debug|x64.Build.0 = Debug|x64
		{E0CDAC07-CDB6-D8C5-E30A-AB4D635CF3CB}.Release|Win32.ActiveCfg = Release|Win32
		{E0CDAC07-CDB6-D8C5-E30A-AB4D635CF3CB}.Release|Win32.Build.0 = Release|Win32
		{E0CDAC07-CDB6-D8C5-E30A-AB4D635CF3CB}.Release|x64.ActiveCfg = Release|x64
		{E0CDAC07-CDB6-D8C5-E30A-AB4D635CF3CB}.Release|x64.Build.0 = Release|x64
		{D9F5710E-EBE4-7C99-4F45-4A4B67F1B0DD}.Debug|Win32.ActiveCfg = Debug|Win32
		{D9F5710E-EBE4-7C99-4F45-4A4B67F1B0DD}.Debug|Win32.Build.0 = Debug|Win32
		{D9F5710E-EBE4-7C99-4F45-4A4B67F1B0DD}.Debug|x64.ActiveCfg = Debug|x64
		{D9F5710E-EBE4-7C99-4F45-4A4B67F1B0DD}.Debug|x64.Build.0 = Debug|x64
		{D9F5710E-EBE4-7C99-4F45-4A4B67F1B0DD}.Release|Win32.ActiveCfg = Release|Win32
		{D9F5710E-EBE4-7C99-4F45-4A4B67F1B0DD}.Release|Win32.Build.0 = Release|Win32
		{D9F5710E-EBE4-7C99-4F45-4A4B67F1B0DD}.Release|x64.ActiveCfg = Release|x64
		{D9F5710E-EBE4-7C99-4F45-4A4B67F1B0DD}.Release|x64.Build.0 = Release|x64
		{B1A76D2B-F5E6-F6C4-4422-923A0E4D95C3}.Debug|Win32.ActiveCfg = Debug|Win32
		{B1A76D2B-F5E6-F6C4-4422-923A0E4D95C3}.Debug|Win32.Build.0 = Debug|Win32
		{B1A76D2B-F5E6-F6C4-4422-923A0E4D95C3}.Debug|x64.ActiveCfg = Debug|x64
		{B1A76D2B-F5E6-F6C4-4422-923A0E4D95C3}.Debug|x64.Build.0 = Debug|x64
		{B1A76D2B-F5E6-F6C4-4422-923A0E4D95C3}.Release|Win32.ActiveCfg = Release|Win32
		{B1A76D2B-F5E6-F6C4-4422-923A0E4D95C3}.Release|Win32.Build.0 = Release|Win32
		{B1A76D2B-F5E6-F6C4-4422-923A0E4D95C3}.Release|x64.ActiveCfg = Release|x64
		{B1A76D2B-F5E6-F6C4-4422-923A0E4D95C3}.Release|x64.Build.0 = Release|x64
		{DDD164F3-83C9-30E1-37C2-AE6291ACA01E}.Debug|Win32.ActiveCfg = Debug|Win32
		{DDD164F3-83C9-30E1-37C2-AE6291ACA01E}.Debug|Win32.Build.0 = Debug|Win32
		{DDD164F3-83C9-30E1-37C2-AE6291ACA01E}.Debug|x64.ActiveCfg = Debug|x64
		{DDD164F3-83C9-30E1-37C2-AE6291ACA01E}.Debug|x64.Build.0 = Debug|x64
		{DDD164F3-83C9-30E1-37C2-AE6291ACA01E}.Release|Win32.ActiveCfg = Release|Win32
		{DDD164F3-83C9-30E1-37C2-AE6291ACA01E}.Release|Win32.Build.0 = Release|Win32
		{DDD164F3-83C9-30E1-37C2-AE6291ACA01E}.Release|x64.ActiveCfg = Release|x64
		{DDD164F3-83C9-30E1-37C2-AE6291ACA01E}.Release|x64.Build.0 = Release|x64
		{0EBED1BE-27A9-D7BC-773C-DA1D773B3AE2}.Debug|Win32.ActiveCfg = Debug|Win32
		{0EBED1BE-27A9-D7BC-773C-DA1D773B3AE2}.Debug|Win32.Build.0 = Debug|Win32
		{0EBED1BE-27A9-D7BC-773C-DA1D773B3AE2}.Debug|x64.ActiveCfg = Debug|x64
		{0EBED1BE-27A9-D7BC-773C-DA1D773B3AE2}.Debug|x64.Build.0 = Debug|x64
		{0EBED1BE-27A9-D7BC-773C-DA1D773B3AE2}.Release|Win32.ActiveCfg = Release|Win32
		{0EBED1BE-27A9-D7BC-773C-DA1D773B3AE2}.Release|Win32.Build.0 = Release|Win32
		{0EBED1BE-27A9-D7BC-773C-DA1D773B3AE2}.Release|x64.ActiveCfg = Release|x64
		{0EBED1BE-27A9-D7BC-773C-DA1D773B3AE2}.Release|x64.Build.0 = Release|x64
		{05B8D2AD-3BCC-5151-C78A-4F1520606092}.Debug|Win32.ActiveCfg = Debug|Win32
		{05B8D2AD-3BCC-5151-C78A-4F1520606092}.Debug|Win32.Build.0 = Debug|Win32
		{05B8D2AD-3BCC-5151-C78A-4F1520606092}.Debug|x64.ActiveCfg = Debug|x64
		{05B8D2AD-3BCC-5151-C78A-4F1520606092}.Debug|x64.Build.0 = Debug|x64
		{05B8D2AD-3BCC-5151-C78A-4F1520606092}.Release|Win32.ActiveCfg = Release|Win32
		{05B8D2AD-3BCC-5151-C78A-4F1520606092}.Release|Win32.Build.0 = Release|Win32
		{05B8D2AD-3BCC-5151-C78A-4F1520606092}.Release|x64.ActiveCfg = Release|x64
		{05B8D2AD-3BCC-5151-C78A-4F1520606092}.Release|x64.Build.0 = Release|x64
		{0C6958F8-515F-9919-4C61-524655891BE3}.Debug|Win32.ActiveCfg = Debug|Win32
		{0C6958F8-515F-9919-4C61-524655891BE3}.Debug|Win32.Build.0 = Debug|Win32
		{0C6958F8-515F-9919-4C61-524655891BE3}.Debug|x64.ActiveCfg = Debug|x64
		{0C6958F8-515F-9919-4C61-524655891BE3}.Debug|x64.Build.0 = Debug|x64
		{0C6958F8-515F-9919-4C61-524655891BE3}.Release|Win32.ActiveCfg = Release|Win32
		{0C6958F8-515F-9919-4C61-524655891BE3}.Release|Win32.Build.0 = Release|Win32
		{0C6958F8-515F-9919-4C61-524655891BE3}.Release|x64.ActiveCfg = Release|x64
		{0C6958F8-515F-9919-4C61-524655891BE3}.Release|x64.Build.0 = Release|x64
		{1C88F171-2866-78FD-744C-FB4F15D3D174}.Debug|Win32.ActiveCfg = Debug|Win32
		{1C88F171-2866-78FD-744C-FB4F15D3D174}.Debug|x64.ActiveCfg = Debug|x64
		{1C88F171-2866-78FD-744C-FB4F15D3D174}.Release|Win32.ActiveCfg = Release|Win32
		{1C88F171-2866-78FD-744C-FB4F15D3D174}.Release|x64.ActiveCfg = Release|x64
		{99953B0E-B8BF-AE16-0A58-6BEE373F482C}.Debug|Win32.ActiveCfg = Debug|Win32
		{99953B0E-B8BF-AE16-0A58-6BEE373F482C}.Debug|Win32.Build.0 = Debug|Win32
		{99953B0E-B8BF-AE16-0A58-6BEE373F482C}.Debug|x64.ActiveCfg = Debug|x64
		{99953B0E-B8BF-AE16-0A58-6BEE373F482C}.Debug|x64.Build.0 = Debug|x64
		{99953B0E-B8BF-AE16-0A58-6BEE373F482C}.Release|Win32.ActiveCfg = Release|Win32
		{99953B0E-B8BF-AE16-0A58-6BEE373F482C}.Release|Win32.Build.0 = Release|Win32
		{99953B0E-B8BF-AE16-0A58-6BEE373F482C}.Release|x64.ActiveCfg = Release|x64
		{99953B0E-B8BF-AE16-0A58-6BEE373F482C}.Release|x64.Build.0 = Release|x64
		{EF7FDB84-9B75-4C12-A6E9-E253049B1B75}.Debug|Win32.ActiveCfg = Debug|Win32
		{EF7FDB84-9B75-4C12-A6E9-E253049B1B75}.Debug|x64.ActiveCfg = Debug|x64
		{EF7FDB84-9B75-4C12-A6E9-E253049B1B75}.Release|Win32.ActiveCfg = Release|Win32
		{EF7FDB84-9B75-4C12-A6E9-E253049B1B75}.Release|x64.ActiveCfg = Release|x64
		{EF7FDB84-9B75-4C12-A6E9-E253049B1B75}.Release|x64.Build.0 = Release|x64
		{44B5A842-3893-97E8-D061-BEAD0F807A83}.Debug|Win32.ActiveCfg = Debug|Win32
		{44B5A842-3893-97E8-D061-BEAD0F807A83}.Debug|Win32.Build.0 = Debug|Win32
		{44B5A842-3893-97E8-D061-BEAD0F807A83}.Debug|x64.ActiveCfg = Debug|x64
		{44B5A842-3893-97E8-D061-BEAD0F807A83}.Debug|x64.Build.0 = Debug|x64
		{44B5A842-3893-97E8-D061-BEAD0F807A83}.Release|Win32.ActiveCfg = Release|Win32
		{44B5A842-3893-97E8-D061-BEAD0F807A83}.Release|Win32.Build.0 = Release|Win32
		{44B5A842-3893-97E8-D061-BEAD0F807A83}.Release|x64.ActiveCfg = Release|x64
		{44B5A842-3893-97E8-D061-BEAD0F807A83}.Release|x64.Build.0 = Release|x64
		{D7BF4BAD-5C20-405A-879F-B04CCE093F02}.Debug|Win32.ActiveCfg = Debug|Win32
		{D7BF4BAD-5C20-405A-879F-B04CCE093F02}.Debug|x64.ActiveCfg = Debug|x64
		{D7BF4BAD-5C20-405A-879F-B04CCE093F02}.Release|Win32.ActiveCfg = Release|Win32
		{D7BF4BAD-5C20-405A-879F-B04CCE093F02}.Release|x64.ActiveCfg = Release|x64
		{3527D2E0-14B7-1072-2D45-67E1ECB5326B}.Debug|Win32.ActiveCfg = Debug|Win32
		{3527D2E0-14B7-1072-2D45-67E1ECB5326B}.Debug|Win32.Build.0 = Debug|Win32
		{3527D2E0-14B7-1072-2D45-67E1ECB5326B}.Debug|x64.ActiveCfg = Debug|x64
		{3527D2E0-14B7-1072-2D45-67E1ECB5326B}.Debug|x64.Build.0 = Debug|x64
		{3527D2E0-14B7-1072-2D45-67E1ECB5326B}.Release|Win32.ActiveCfg = Release|Win32
		{3527D2E0-14B7-1072-2D45-67E1ECB5326B}.Release|Win32.Build.0 = Release|Win32
		{3527D2E0-14B7-1072-2D45-67E1ECB5326B}.Release|x64.ActiveCfg = Release|x64
		{3527D2E0-14B7-1072-2D45-67E1ECB5326B}.Release|x64.Build.0 = Release|x64
		{B2B1FBA0-45F1-4BBE-D1F6-0DBD0A7CCA8A}.Debug|Win32.ActiveCfg = Debug|Win32
		{B2B1FBA0-45F1-4BBE-D1F6-0DBD0A7CCA8A}.Debug|Win32.Build.0 = Debug|Win32
		{B2B1FBA0-45F1-4BBE-D1F6-0DBD0A7CCA8A}.Debug|x64.ActiveCfg = Debug|x64
		{B2B1FBA0-45F1-4BBE-D1F6-0DBD0A7CCA8A}.Debug|x64.Build.0 = Debug|x64
		{B2B1FBA0-45F1-4BBE-D1F6-0DBD0A7CCA8A}.Release|Win32.ActiveCfg = Release|Win32
		{B2B1FBA0-45F1-4BBE-D1F6-0DBD0A7CCA8A}.Release|Win32.Build.0 = Release|Win32
		{B2B1FBA0-45F1-4BBE-D1F6-0DBD0A7CCA8A}.Release|x64.ActiveCfg = Release|x64
		{B2B1FBA0-45F1-4BBE-D1F6-0DBD0A7CCA8A}.Release|x64.Build.0 = Release|x64
	EndGlobalSection
	GlobalSection(SolutionProperties) = preSolution
		HideSolutionNode = FALSE
	EndGlobalSection
EndGlobal
