
Microsoft Visual Studio Solution File, Format Version 12.00
# Visual Studio 15
VisualStudioVersion = 15.0.33529.398
MinimumVisualStudioVersion = 10.0.40219.1
Project("{8BC9CEB8-8B4A-11D0-8D11-00A0C91BC942}") = "GxCameraEvents_VS2015", "GxCameraEvents\GxCameraEvents_VS2015.vcxproj", "{90BEF98F-8D1A-4EDD-9EE6-477A1B2E4D20}"
EndProject
Project("{8BC9CEB8-8B4A-11D0-8D11-00A0C91BC942}") = "GxGetImage_VS2015", "GxGetImage\GxGetImage_VS2015.vcxproj", "{44644F78-96F4-4367-9C2B-C156257EEF44}"
EndProject
Project("{8BC9CEB8-8B4A-11D0-8D11-00A0C91BC942}") = "GxGigeRecovery_VS2015", "GxGigeRecovery\GxGigeRecovery_VS2015.vcxproj", "{5E04F736-C8AF-40C6-882C-6B2FB240B710}"
EndProject
Project("{8BC9CEB8-8B4A-11D0-8D11-00A0C91BC942}") = "GxImageProcess_VS2015", "GxImageProcess\GxImageProcess_VS2015.vcxproj", "{708B6834-030D-4CB6-93B9-24BDD611ADA8}"
EndProject
Project("{8BC9CEB8-8B4A-11D0-8D11-00A0C91BC942}") = "GxIOSample_VS2015", "GxIOSample\GxIOSample_VS2015.vcxproj", "{A06CEAB0-42A1-41AA-813F-22FC9AF87D91}"
EndProject
Project("{8BC9CEB8-8B4A-11D0-8D11-00A0C91BC942}") = "GxMultiCam_VS2015", "GxMultiCam\GxMultiCam_VS2015.vcxproj", "{AC64214C-9EA9-4413-B751-B1FD89CB1837}"
EndProject
Project("{8BC9CEB8-8B4A-11D0-8D11-00A0C91BC942}") = "GxSnapRaw16_VS2015", "GxSnapRaw16\GxSnapRaw16_VS2015.vcxproj", "{608FA41B-434E-45F8-91C4-E91D387841D1}"
EndProject
Project("{8BC9CEB8-8B4A-11D0-8D11-00A0C91BC942}") = "GxStoreAVI_VS2015", "GxStoreAVI\GxStoreAVI_VS2015.vcxproj", "{E13501D2-AA9F-4912-8BB9-AC74E083529E}"
EndProject
Project("{8BC9CEB8-8B4A-11D0-8D11-00A0C91BC942}") = "GxTransferDelay_VS2015", "GxTransferDelay\GxTransferDelay_VS2015.vcxproj", "{89C2E7C0-C1A1-4ABC-A131-96EC9DDB180C}"
EndProject
Project("{8BC9CEB8-8B4A-11D0-8D11-00A0C91BC942}") = "GxUSBSnapPnp_VS2015", "GxUSBSnapPnp\GxUSBSnapPnp_VS2015.vcxproj", "{FD6DEBCF-896C-4F2D-92C5-08EAA3FB247A}"
EndProject
Project("{8BC9CEB8-8B4A-11D0-8D11-00A0C91BC942}") = "GxViewer_VS2015", "GxViewer\GxViewer_VS2015.vcxproj", "{4779C4CE-2888-45A5-ADCD-AFEB824F6EC8}"
EndProject
Project("{8BC9CEB8-8B4A-11D0-8D11-00A0C91BC942}") = "GxFlatFieldCorrection_VS2015", "GxFlatFieldCorrection\GxFlatFieldCorrection_VS2015.vcxproj", "{92E99F28-2D2F-A0E6-ACA8-981061EDB64E}"
EndProject
Project("{8BC9CEB8-8B4A-11D0-8D11-00A0C91BC942}") = "GxMultiCamForHDR_VS2015", "GxMultiCamForHDR\GxMultiCamForHDR_VS2015.vcxproj", "{417F7BEB-C9C7-4D7B-A9E7-A907E50FC993}"
EndProject
Project("{8BC9CEB8-8B4A-11D0-8D11-00A0C91BC942}") = "GxAutoFuncCtrl_VS2015", "GxAutoFuncCtrl\GxAutoFuncCtrl_VS2015.vcxproj", "{1A92FBE5-53E6-4F3D-A68B-31A5114F02E7}"
EndProject
Project("{8BC9CEB8-8B4A-11D0-8D11-00A0C91BC942}") = "GxSimpleGrab_VS2015", "GxSimpleGrab\GxSimpleGrab_VS2015.vcxproj", "{788BD62C-564C-4911-BC93-1134914EFCDE}"
EndProject
Project("{8BC9CEB8-8B4A-11D0-8D11-00A0C91BC942}") = "GxSingleCam_VS2015", "GxSingleCam\GxSingleCam_VS2015.vcxproj", "{AFEFE933-AFAC-4FEC-887B-1D94B1388D24}"
EndProject
Project("{8BC9CEB8-8B4A-11D0-8D11-00A0C91BC942}") = "GxSequencer_VS2015", "GxSequencer\GxSequencer_VS2015.vcxproj", "{1C623E96-1506-4131-ABF3-41A730E4211B}"
EndProject
Project("{8BC9CEB8-8B4A-11D0-8D11-00A0C91BC942}") = "GxActionCommand_VS2015", "GxActionCommand\GxActionCommand_VS2015.vcxproj", "{47BA254E-EF92-4E24-9A5B-CEC7E7C8AE7C}"
EndProject
Project("{8BC9CEB8-8B4A-11D0-8D11-00A0C91BC942}") = "GxAutoReconnect_VS2015", "GxAutoReconnect\GxAutoReconnect_VS2015.vcxproj", "{D7BF4BAD-5C20-405A-879F-B04CCE093F02}"
EndProject
Project("{8BC9CEB8-8B4A-11D0-8D11-00A0C91BC942}") = "GxChunkData_VS2015", "GxChunkData\GxChunkData_VS2015.vcxproj", "{6D7C2E90-5501-45BB-9505-CC6E26B12876}"
EndProject
Project("{8BC9CEB8-8B4A-11D0-8D11-00A0C91BC942}") = "GxDecompression_VS2015", "GxDecompression\GxDecompression_VS2015.vcxproj", "{2F3B985F-93ED-4A80-83A4-EC0A9D566705}"
EndProject
Global
	GlobalSection(SolutionConfigurationPlatforms) = preSolution
		Debug|x64 = Debug|x64
		Debug|x86 = Debug|x86
		Release|x64 = Release|x64
		Release|x86 = Release|x86
	EndGlobalSection
	GlobalSection(ProjectConfigurationPlatforms) = postSolution
		{90BEF98F-8D1A-4EDD-9EE6-477A1B2E4D20}.Debug|x64.ActiveCfg = Debug|x64
		{90BEF98F-8D1A-4EDD-9EE6-477A1B2E4D20}.Debug|x64.Build.0 = Debug|x64
		{90BEF98F-8D1A-4EDD-9EE6-477A1B2E4D20}.Debug|x86.ActiveCfg = Debug|Win32
		{90BEF98F-8D1A-4EDD-9EE6-477A1B2E4D20}.Debug|x86.Build.0 = Debug|Win32
		{90BEF98F-8D1A-4EDD-9EE6-477A1B2E4D20}.Release|x64.ActiveCfg = Release|x64
		{90BEF98F-8D1A-4EDD-9EE6-477A1B2E4D20}.Release|x64.Build.0 = Release|x64
		{90BEF98F-8D1A-4EDD-9EE6-477A1B2E4D20}.Release|x86.ActiveCfg = Release|Win32
		{90BEF98F-8D1A-4EDD-9EE6-477A1B2E4D20}.Release|x86.Build.0 = Release|Win32
		{44644F78-96F4-4367-9C2B-C156257EEF44}.Debug|x64.ActiveCfg = Debug|x64
		{44644F78-96F4-4367-9C2B-C156257EEF44}.Debug|x64.Build.0 = Debug|x64
		{44644F78-96F4-4367-9C2B-C156257EEF44}.Debug|x86.ActiveCfg = Debug|Win32
		{44644F78-96F4-4367-9C2B-C156257EEF44}.Debug|x86.Build.0 = Debug|Win32
		{44644F78-96F4-4367-9C2B-C156257EEF44}.Release|x64.ActiveCfg = Release|x64
		{44644F78-96F4-4367-9C2B-C156257EEF44}.Release|x64.Build.0 = Release|x64
		{44644F78-96F4-4367-9C2B-C156257EEF44}.Release|x86.ActiveCfg = Release|Win32
		{44644F78-96F4-4367-9C2B-C156257EEF44}.Release|x86.Build.0 = Release|Win32
		{5E04F736-C8AF-40C6-882C-6B2FB240B710}.Debug|x64.ActiveCfg = Debug|x64
		{5E04F736-C8AF-40C6-882C-6B2FB240B710}.Debug|x64.Build.0 = Debug|x64
		{5E04F736-C8AF-40C6-882C-6B2FB240B710}.Debug|x86.ActiveCfg = Debug|Win32
		{5E04F736-C8AF-40C6-882C-6B2FB240B710}.Debug|x86.Build.0 = Debug|Win32
		{5E04F736-C8AF-40C6-882C-6B2FB240B710}.Release|x64.ActiveCfg = Release|x64
		{5E04F736-C8AF-40C6-882C-6B2FB240B710}.Release|x64.Build.0 = Release|x64
		{5E04F736-C8AF-40C6-882C-6B2FB240B710}.Release|x86.ActiveCfg = Release|Win32
		{5E04F736-C8AF-40C6-882C-6B2FB240B710}.Release|x86.Build.0 = Release|Win32
		{708B6834-030D-4CB6-93B9-24BDD611ADA8}.Debug|x64.ActiveCfg = Debug|x64
		{708B6834-030D-4CB6-93B9-24BDD611ADA8}.Debug|x64.Build.0 = Debug|x64
		{708B6834-030D-4CB6-93B9-24BDD611ADA8}.Debug|x86.ActiveCfg = Debug|Win32
		{708B6834-030D-4CB6-93B9-24BDD611ADA8}.Debug|x86.Build.0 = Debug|Win32
		{708B6834-030D-4CB6-93B9-24BDD611ADA8}.Release|x64.ActiveCfg = Release|x64
		{708B6834-030D-4CB6-93B9-24BDD611ADA8}.Release|x64.Build.0 = Release|x64
		{708B6834-030D-4CB6-93B9-24BDD611ADA8}.Release|x86.ActiveCfg = Release|Win32
		{708B6834-030D-4CB6-93B9-24BDD611ADA8}.Release|x86.Build.0 = Release|Win32
		{A06CEAB0-42A1-41AA-813F-22FC9AF87D91}.Debug|x64.ActiveCfg = Debug|x64
		{A06CEAB0-42A1-41AA-813F-22FC9AF87D91}.Debug|x64.Build.0 = Debug|x64
		{A06CEAB0-42A1-41AA-813F-22FC9AF87D91}.Debug|x86.ActiveCfg = Debug|Win32
		{A06CEAB0-42A1-41AA-813F-22FC9AF87D91}.Debug|x86.Build.0 = Debug|Win32
		{A06CEAB0-42A1-41AA-813F-22FC9AF87D91}.Release|x64.ActiveCfg = Release|x64
		{A06CEAB0-42A1-41AA-813F-22FC9AF87D91}.Release|x64.Build.0 = Release|x64
		{A06CEAB0-42A1-41AA-813F-22FC9AF87D91}.Release|x86.ActiveCfg = Release|Win32
		{A06CEAB0-42A1-41AA-813F-22FC9AF87D91}.Release|x86.Build.0 = Release|Win32
		{AC64214C-9EA9-4413-B751-B1FD89CB1837}.Debug|x64.ActiveCfg = Debug|x64
		{AC64214C-9EA9-4413-B751-B1FD89CB1837}.Debug|x64.Build.0 = Debug|x64
		{AC64214C-9EA9-4413-B751-B1FD89CB1837}.Debug|x86.ActiveCfg = Debug|Win32
		{AC64214C-9EA9-4413-B751-B1FD89CB1837}.Debug|x86.Build.0 = Debug|Win32
		{AC64214C-9EA9-4413-B751-B1FD89CB1837}.Release|x64.ActiveCfg = Release|x64
		{AC64214C-9EA9-4413-B751-B1FD89CB1837}.Release|x64.Build.0 = Release|x64
		{AC64214C-9EA9-4413-B751-B1FD89CB1837}.Release|x86.ActiveCfg = Release|Win32
		{AC64214C-9EA9-4413-B751-B1FD89CB1837}.Release|x86.Build.0 = Release|Win32
		{608FA41B-434E-45F8-91C4-E91D387841D1}.Debug|x64.ActiveCfg = Debug|x64
		{608FA41B-434E-45F8-91C4-E91D387841D1}.Debug|x64.Build.0 = Debug|x64
		{608FA41B-434E-45F8-91C4-E91D387841D1}.Debug|x86.ActiveCfg = Debug|Win32
		{608FA41B-434E-45F8-91C4-E91D387841D1}.Debug|x86.Build.0 = Debug|Win32
		{608FA41B-434E-45F8-91C4-E91D387841D1}.Release|x64.ActiveCfg = Release|x64
		{608FA41B-434E-45F8-91C4-E91D387841D1}.Release|x64.Build.0 = Release|x64
		{608FA41B-434E-45F8-91C4-E91D387841D1}.Release|x86.ActiveCfg = Release|Win32
		{608FA41B-434E-45F8-91C4-E91D387841D1}.Release|x86.Build.0 = Release|Win32
		{E13501D2-AA9F-4912-8BB9-AC74E083529E}.Debug|x64.ActiveCfg = Debug|x64
		{E13501D2-AA9F-4912-8BB9-AC74E083529E}.Debug|x64.Build.0 = Debug|x64
		{E13501D2-AA9F-4912-8BB9-AC74E083529E}.Debug|x86.ActiveCfg = Debug|Win32
		{E13501D2-AA9F-4912-8BB9-AC74E083529E}.Debug|x86.Build.0 = Debug|Win32
		{E13501D2-AA9F-4912-8BB9-AC74E083529E}.Release|x64.ActiveCfg = Release|x64
		{E13501D2-AA9F-4912-8BB9-AC74E083529E}.Release|x64.Build.0 = Release|x64
		{E13501D2-AA9F-4912-8BB9-AC74E083529E}.Release|x86.ActiveCfg = Release|Win32
		{E13501D2-AA9F-4912-8BB9-AC74E083529E}.Release|x86.Build.0 = Release|Win32
		{89C2E7C0-C1A1-4ABC-A131-96EC9DDB180C}.Debug|x64.ActiveCfg = Debug|x64
		{89C2E7C0-C1A1-4ABC-A131-96EC9DDB180C}.Debug|x64.Build.0 = Debug|x64
		{89C2E7C0-C1A1-4ABC-A131-96EC9DDB180C}.Debug|x86.ActiveCfg = Debug|Win32
		{89C2E7C0-C1A1-4ABC-A131-96EC9DDB180C}.Debug|x86.Build.0 = Debug|Win32
		{89C2E7C0-C1A1-4ABC-A131-96EC9DDB180C}.Release|x64.ActiveCfg = Release|x64
		{89C2E7C0-C1A1-4ABC-A131-96EC9DDB180C}.Release|x64.Build.0 = Release|x64
		{89C2E7C0-C1A1-4ABC-A131-96EC9DDB180C}.Release|x86.ActiveCfg = Release|Win32
		{89C2E7C0-C1A1-4ABC-A131-96EC9DDB180C}.Release|x86.Build.0 = Release|Win32
		{FD6DEBCF-896C-4F2D-92C5-08EAA3FB247A}.Debug|x64.ActiveCfg = Debug|x64
		{FD6DEBCF-896C-4F2D-92C5-08EAA3FB247A}.Debug|x64.Build.0 = Debug|x64
		{FD6DEBCF-896C-4F2D-92C5-08EAA3FB247A}.Debug|x86.ActiveCfg = Debug|Win32
		{FD6DEBCF-896C-4F2D-92C5-08EAA3FB247A}.Debug|x86.Build.0 = Debug|Win32
		{FD6DEBCF-896C-4F2D-92C5-08EAA3FB247A}.Release|x64.ActiveCfg = Release|x64
		{FD6DEBCF-896C-4F2D-92C5-08EAA3FB247A}.Release|x64.Build.0 = Release|x64
		{FD6DEBCF-896C-4F2D-92C5-08EAA3FB247A}.Release|x86.ActiveCfg = Release|Win32
		{FD6DEBCF-896C-4F2D-92C5-08EAA3FB247A}.Release|x86.Build.0 = Release|Win32
		{4779C4CE-2888-45A5-ADCD-AFEB824F6EC8}.Debug|x64.ActiveCfg = Debug|x64
		{4779C4CE-2888-45A5-ADCD-AFEB824F6EC8}.Debug|x64.Build.0 = Debug|x64
		{4779C4CE-2888-45A5-ADCD-AFEB824F6EC8}.Debug|x86.ActiveCfg = Debug|Win32
		{4779C4CE-2888-45A5-ADCD-AFEB824F6EC8}.Debug|x86.Build.0 = Debug|Win32
		{4779C4CE-2888-45A5-ADCD-AFEB824F6EC8}.Release|x64.ActiveCfg = Release|x64
		{4779C4CE-2888-45A5-ADCD-AFEB824F6EC8}.Release|x64.Build.0 = Release|x64
		{4779C4CE-2888-45A5-ADCD-AFEB824F6EC8}.Release|x86.ActiveCfg = Release|Win32
		{4779C4CE-2888-45A5-ADCD-AFEB824F6EC8}.Release|x86.Build.0 = Release|Win32
		{92E99F28-2D2F-A0E6-ACA8-981061EDB64E}.Debug|x64.ActiveCfg = Debug|x64
		{92E99F28-2D2F-A0E6-ACA8-981061EDB64E}.Debug|x64.Build.0 = Debug|x64
		{92E99F28-2D2F-A0E6-ACA8-981061EDB64E}.Debug|x86.ActiveCfg = Debug|Win32
		{92E99F28-2D2F-A0E6-ACA8-981061EDB64E}.Debug|x86.Build.0 = Debug|Win32
		{92E99F28-2D2F-A0E6-ACA8-981061EDB64E}.Release|x64.ActiveCfg = Release|x64
		{92E99F28-2D2F-A0E6-ACA8-981061EDB64E}.Release|x64.Build.0 = Release|x64
		{92E99F28-2D2F-A0E6-ACA8-981061EDB64E}.Release|x86.ActiveCfg = Release|Win32
		{92E99F28-2D2F-A0E6-ACA8-981061EDB64E}.Release|x86.Build.0 = Release|Win32
		{417F7BEB-C9C7-4D7B-A9E7-A907E50FC993}.Debug|x64.ActiveCfg = Debug|x64
		{417F7BEB-C9C7-4D7B-A9E7-A907E50FC993}.Debug|x64.Build.0 = Debug|x64
		{417F7BEB-C9C7-4D7B-A9E7-A907E50FC993}.Debug|x86.ActiveCfg = Debug|Win32
		{417F7BEB-C9C7-4D7B-A9E7-A907E50FC993}.Debug|x86.Build.0 = Debug|Win32
		{417F7BEB-C9C7-4D7B-A9E7-A907E50FC993}.Release|x64.ActiveCfg = Release|x64
		{417F7BEB-C9C7-4D7B-A9E7-A907E50FC993}.Release|x64.Build.0 = Release|x64
		{417F7BEB-C9C7-4D7B-A9E7-A907E50FC993}.Release|x86.ActiveCfg = Release|Win32
		{417F7BEB-C9C7-4D7B-A9E7-A907E50FC993}.Release|x86.Build.0 = Release|Win32
		{1A92FBE5-53E6-4F3D-A68B-31A5114F02E7}.Debug|x64.ActiveCfg = Debug|x64
		{1A92FBE5-53E6-4F3D-A68B-31A5114F02E7}.Debug|x64.Build.0 = Debug|x64
		{1A92FBE5-53E6-4F3D-A68B-31A5114F02E7}.Debug|x86.ActiveCfg = Debug|Win32
		{1A92FBE5-53E6-4F3D-A68B-31A5114F02E7}.Debug|x86.Build.0 = Debug|Win32
		{1A92FBE5-53E6-4F3D-A68B-31A5114F02E7}.Release|x64.ActiveCfg = Release|x64
		{1A92FBE5-53E6-4F3D-A68B-31A5114F02E7}.Release|x64.Build.0 = Release|x64
		{1A92FBE5-53E6-4F3D-A68B-31A5114F02E7}.Release|x86.ActiveCfg = Release|Win32
		{1A92FBE5-53E6-4F3D-A68B-31A5114F02E7}.Release|x86.Build.0 = Release|Win32
		{788BD62C-564C-4911-BC93-1134914EFCDE}.Debug|x64.ActiveCfg = Debug|x64
		{788BD62C-564C-4911-BC93-1134914EFCDE}.Debug|x64.Build.0 = Debug|x64
		{788BD62C-564C-4911-BC93-1134914EFCDE}.Debug|x86.ActiveCfg = Debug|Win32
		{788BD62C-564C-4911-BC93-1134914EFCDE}.Debug|x86.Build.0 = Debug|Win32
		{788BD62C-564C-4911-BC93-1134914EFCDE}.Release|x64.ActiveCfg = Release|x64
		{788BD62C-564C-4911-BC93-1134914EFCDE}.Release|x64.Build.0 = Release|x64
		{788BD62C-564C-4911-BC93-1134914EFCDE}.Release|x86.ActiveCfg = Release|Win32
		{788BD62C-564C-4911-BC93-1134914EFCDE}.Release|x86.Build.0 = Release|Win32
		{AFEFE933-AFAC-4FEC-887B-1D94B1388D24}.Debug|x64.ActiveCfg = Debug|x64
		{AFEFE933-AFAC-4FEC-887B-1D94B1388D24}.Debug|x64.Build.0 = Debug|x64
		{AFEFE933-AFAC-4FEC-887B-1D94B1388D24}.Debug|x86.ActiveCfg = Debug|Win32
		{AFEFE933-AFAC-4FEC-887B-1D94B1388D24}.Debug|x86.Build.0 = Debug|Win32
		{AFEFE933-AFAC-4FEC-887B-1D94B1388D24}.Release|x64.ActiveCfg = Release|x64
		{AFEFE933-AFAC-4FEC-887B-1D94B1388D24}.Release|x64.Build.0 = Release|x64
		{AFEFE933-AFAC-4FEC-887B-1D94B1388D24}.Release|x86.ActiveCfg = Release|Win32
		{AFEFE933-AFAC-4FEC-887B-1D94B1388D24}.Release|x86.Build.0 = Release|Win32
		{1C623E96-1506-4131-ABF3-41A730E4211B}.Debug|x64.ActiveCfg = Debug|x64
		{1C623E96-1506-4131-ABF3-41A730E4211B}.Debug|x64.Build.0 = Debug|x64
		{1C623E96-1506-4131-ABF3-41A730E4211B}.Debug|x86.ActiveCfg = Debug|Win32
		{1C623E96-1506-4131-ABF3-41A730E4211B}.Debug|x86.Build.0 = Debug|Win32
		{1C623E96-1506-4131-ABF3-41A730E4211B}.Release|x64.ActiveCfg = Release|x64
		{1C623E96-1506-4131-ABF3-41A730E4211B}.Release|x64.Build.0 = Release|x64
		{1C623E96-1506-4131-ABF3-41A730E4211B}.Release|x86.ActiveCfg = Release|Win32
		{1C623E96-1506-4131-ABF3-41A730E4211B}.Release|x86.Build.0 = Release|Win32
		{47BA254E-EF92-4E24-9A5B-CEC7E7C8AE7C}.Debug|x64.ActiveCfg = Debug|x64
		{47BA254E-EF92-4E24-9A5B-CEC7E7C8AE7C}.Debug|x64.Build.0 = Debug|x64
		{47BA254E-EF92-4E24-9A5B-CEC7E7C8AE7C}.Debug|x86.ActiveCfg = Debug|Win32
		{47BA254E-EF92-4E24-9A5B-CEC7E7C8AE7C}.Debug|x86.Build.0 = Debug|Win32
		{47BA254E-EF92-4E24-9A5B-CEC7E7C8AE7C}.Release|x64.ActiveCfg = Release|x64
		{47BA254E-EF92-4E24-9A5B-CEC7E7C8AE7C}.Release|x64.Build.0 = Release|x64
		{47BA254E-EF92-4E24-9A5B-CEC7E7C8AE7C}.Release|x86.ActiveCfg = Release|Win32
		{47BA254E-EF92-4E24-9A5B-CEC7E7C8AE7C}.Release|x86.Build.0 = Release|Win32
		{D7BF4BAD-5C20-405A-879F-B04CCE093F02}.Debug|x64.ActiveCfg = Debug|x64
		{D7BF4BAD-5C20-405A-879F-B04CCE093F02}.Debug|x64.Build.0 = Debug|x64
		{D7BF4BAD-5C20-405A-879F-B04CCE093F02}.Debug|x86.ActiveCfg = Debug|Win32
		{D7BF4BAD-5C20-405A-879F-B04CCE093F02}.Debug|x86.Build.0 = Debug|Win32
		{D7BF4BAD-5C20-405A-879F-B04CCE093F02}.Release|x64.ActiveCfg = Release|x64
		{D7BF4BAD-5C20-405A-879F-B04CCE093F02}.Release|x64.Build.0 = Release|x64
		{D7BF4BAD-5C20-405A-879F-B04CCE093F02}.Release|x86.ActiveCfg = Release|Win32
		{D7BF4BAD-5C20-405A-879F-B04CCE093F02}.Release|x86.Build.0 = Release|Win32
		{6D7C2E90-5501-45BB-9505-CC6E26B12876}.Debug|x64.ActiveCfg = Debug|x64
		{6D7C2E90-5501-45BB-9505-CC6E26B12876}.Debug|x64.Build.0 = Debug|x64
		{6D7C2E90-5501-45BB-9505-CC6E26B12876}.Debug|x86.ActiveCfg = Debug|Win32
		{6D7C2E90-5501-45BB-9505-CC6E26B12876}.Debug|x86.Build.0 = Debug|Win32
		{6D7C2E90-5501-45BB-9505-CC6E26B12876}.Release|x64.ActiveCfg = Release|x64
		{6D7C2E90-5501-45BB-9505-CC6E26B12876}.Release|x64.Build.0 = Release|x64
		{6D7C2E90-5501-45BB-9505-CC6E26B12876}.Release|x86.ActiveCfg = Release|Win32
		{6D7C2E90-5501-45BB-9505-CC6E26B12876}.Release|x86.Build.0 = Release|Win32
		{2F3B985F-93ED-4A80-83A4-EC0A9D566705}.Debug|x64.ActiveCfg = Debug|x64
		{2F3B985F-93ED-4A80-83A4-EC0A9D566705}.Debug|x64.Build.0 = Debug|x64
		{2F3B985F-93ED-4A80-83A4-EC0A9D566705}.Debug|x86.ActiveCfg = Debug|Win32
		{2F3B985F-93ED-4A80-83A4-EC0A9D566705}.Debug|x86.Build.0 = Debug|Win32
		{2F3B985F-93ED-4A80-83A4-EC0A9D566705}.Release|x64.ActiveCfg = Release|x64
		{2F3B985F-93ED-4A80-83A4-EC0A9D566705}.Release|x64.Build.0 = Release|x64
		{2F3B985F-93ED-4A80-83A4-EC0A9D566705}.Release|x86.ActiveCfg = Release|Win32
		{2F3B985F-93ED-4A80-83A4-EC0A9D566705}.Release|x86.Build.0 = Release|Win32
	EndGlobalSection
	GlobalSection(SolutionProperties) = preSolution
		HideSolutionNode = FALSE
	EndGlobalSection
	GlobalSection(ExtensibilityGlobals) = postSolution
		SolutionGuid = {923B7824-90F1-4CC0-953C-666BEAE65CDC}
	EndGlobalSection
EndGlobal
