
Microsoft Visual Studio Solution File, Format Version 12.00
# Visual Studio 2013
VisualStudioVersion = 12.0.40629.0
MinimumVisualStudioVersion = 10.0.40219.1
Project("{8BC9CEB8-8B4A-11D0-8D11-00A0C91BC942}") = "GxSimpleGrab_VS2013", "GxSimpleGrab_VS2013.vcxproj", "{BAF98B4F-89AF-4E95-BF6C-5EE93E2C7B4D}"
EndProject
Global
	GlobalSection(SolutionConfigurationPlatforms) = preSolution
		Debug|Win32 = Debug|Win32
		Debug|x64 = Debug|x64
		Release|Win32 = Release|Win32
		Release|x64 = Release|x64
	EndGlobalSection
	GlobalSection(ProjectConfigurationPlatforms) = postSolution
		{BAF98B4F-89AF-4E95-BF6C-5EE93E2C7B4D}.Debug|Win32.ActiveCfg = Debug|Win32
		{BAF98B4F-89AF-4E95-BF6C-5EE93E2C7B4D}.Debug|Win32.Build.0 = Debug|Win32
		{BAF98B4F-89AF-4E95-BF6C-5EE93E2C7B4D}.Debug|x64.ActiveCfg = Debug|x64
		{BAF98B4F-89AF-4E95-BF6C-5EE93E2C7B4D}.Debug|x64.Build.0 = Debug|x64
		{BAF98B4F-89AF-4E95-BF6C-5EE93E2C7B4D}.Release|Win32.ActiveCfg = Release|Win32
		{BAF98B4F-89AF-4E95-BF6C-5EE93E2C7B4D}.Release|Win32.Build.0 = Release|Win32
		{BAF98B4F-89AF-4E95-BF6C-5EE93E2C7B4D}.Release|x64.ActiveCfg = Release|x64
		{BAF98B4F-89AF-4E95-BF6C-5EE93E2C7B4D}.Release|x64.Build.0 = Release|x64
	EndGlobalSection
	GlobalSection(SolutionProperties) = preSolution
		HideSolutionNode = FALSE
	EndGlobalSection
EndGlobal
