
Microsoft Visual Studio Solution File, Format Version 12.00
# Visual Studio 2013
VisualStudioVersion = 12.0.21005.1
MinimumVisualStudioVersion = 10.0.40219.1
Project("{FAE04EC0-301F-11D3-BF4B-00C04F79EFBC}") = "GxCameraEvents_VS2013", "GxCameraEvents\GxCameraEvents_VS2013.csproj", "{5C760823-8903-4FDF-9556-02FE8E8A0F19}"
EndProject
Project("{FAE04EC0-301F-11D3-BF4B-00C04F79EFBC}") = "GxGetImage_VS2013", "GxGetImage\GxGetImage_VS2013.csproj", "{F646D2D7-3336-408C-B50F-4532CB65C4CE}"
EndProject
Project("{FAE04EC0-301F-11D3-BF4B-00C04F79EFBC}") = "GxGigeRecovery_VS2013", "GxGigeRecovery\GxGigeRecovery_VS2013.csproj", "{8F65A16A-6FB5-4972-82F8-C1540512000B}"
EndProject
Project("{FAE04EC0-301F-11D3-BF4B-00C04F79EFBC}") = "GxImageProcess_VS2013", "GxImageProcess\GxImageProcess_VS2013.csproj", "{4203CCC2-FA3C-44CE-93F6-907228372F9A}"
EndProject
Project("{FAE04EC0-301F-11D3-BF4B-00C04F79EFBC}") = "GxMultiCam_VS2013", "GxMultiCam\GxMultiCam_VS2013.csproj", "{615E72FA-2D11-4191-BCB8-DE2EE9533A6A}"
EndProject
Project("{FAE04EC0-301F-11D3-BF4B-00C04F79EFBC}") = "GxSingleCam_VS2013", "GxSingleCam\GxSingleCam_VS2013.csproj", "{642B8991-9630-4B8B-931A-72F7ED811764}"
EndProject
Project("{FAE04EC0-301F-11D3-BF4B-00C04F79EFBC}") = "GxMultiCamForHDR_VS2013", "GxMultiCamForHDR\GxMultiCamForHDR_VS2013.csproj", "{8297D100-70E8-4A34-9250-B1613C0863A0}"
EndProject
Project("{FAE04EC0-301F-11D3-BF4B-00C04F79EFBC}") = "GxSequencer_VS2013", "GxSequencer\GxSequencer_VS2013.csproj", "{B178C952-88CB-424C-844F-61F913BF5673}"
EndProject
Project("{FAE04EC0-301F-11D3-BF4B-00C04F79EFBC}") = "GxFlatFieldCorrection_VS2013", "GxFlatFieldCorrection\GxFlatFieldCorrection_VS2013.csproj", "{073C1EBF-AAF7-4104-8FDC-CF2233DEDAC6}"
EndProject
Project("{FAE04EC0-301F-11D3-BF4B-00C04F79EFBC}") = "GxChunkData_VS2013", "GxChunkData\GxChunkData_VS2013.csproj", "{776AEBBA-8C6E-4978-BA8B-A2740E05D274}"
EndProject
Project("{FAE04EC0-301F-11D3-BF4B-00C04F79EFBC}") = "GxDecompression_VS2013", "GxDecompression\GxDecompression_VS2013.csproj", "{F6FE8161-AEB6-4FCA-AAAE-CB303DCCBD24}"
EndProject
Global
	GlobalSection(SolutionConfigurationPlatforms) = preSolution
		Debug|x64 = Debug|x64
		Release|x64 = Release|x64
	EndGlobalSection
	GlobalSection(ProjectConfigurationPlatforms) = postSolution
		{5C760823-8903-4FDF-9556-02FE8E8A0F19}.Debug|x64.ActiveCfg = Debug|x64
		{5C760823-8903-4FDF-9556-02FE8E8A0F19}.Debug|x64.Build.0 = Debug|x64
		{5C760823-8903-4FDF-9556-02FE8E8A0F19}.Release|x64.ActiveCfg = Release|x64
		{5C760823-8903-4FDF-9556-02FE8E8A0F19}.Release|x64.Build.0 = Release|x64
		{F646D2D7-3336-408C-B50F-4532CB65C4CE}.Debug|x64.ActiveCfg = Debug|x64
		{F646D2D7-3336-408C-B50F-4532CB65C4CE}.Debug|x64.Build.0 = Debug|x64
		{F646D2D7-3336-408C-B50F-4532CB65C4CE}.Release|x64.ActiveCfg = Release|x64
		{F646D2D7-3336-408C-B50F-4532CB65C4CE}.Release|x64.Build.0 = Release|x64
		{8F65A16A-6FB5-4972-82F8-C1540512000B}.Debug|x64.ActiveCfg = Debug|x64
		{8F65A16A-6FB5-4972-82F8-C1540512000B}.Debug|x64.Build.0 = Debug|x64
		{8F65A16A-6FB5-4972-82F8-C1540512000B}.Release|x64.ActiveCfg = Release|x64
		{8F65A16A-6FB5-4972-82F8-C1540512000B}.Release|x64.Build.0 = Release|x64
		{4203CCC2-FA3C-44CE-93F6-907228372F9A}.Debug|x64.ActiveCfg = Debug|x64
		{4203CCC2-FA3C-44CE-93F6-907228372F9A}.Debug|x64.Build.0 = Debug|x64
		{4203CCC2-FA3C-44CE-93F6-907228372F9A}.Release|x64.ActiveCfg = Release|x64
		{4203CCC2-FA3C-44CE-93F6-907228372F9A}.Release|x64.Build.0 = Release|x64
		{615E72FA-2D11-4191-BCB8-DE2EE9533A6A}.Debug|x64.ActiveCfg = Debug|x64
		{615E72FA-2D11-4191-BCB8-DE2EE9533A6A}.Debug|x64.Build.0 = Debug|x64
		{615E72FA-2D11-4191-BCB8-DE2EE9533A6A}.Release|x64.ActiveCfg = Release|x64
		{615E72FA-2D11-4191-BCB8-DE2EE9533A6A}.Release|x64.Build.0 = Release|x64
		{642B8991-9630-4B8B-931A-72F7ED811764}.Debug|x64.ActiveCfg = Debug|x64
		{642B8991-9630-4B8B-931A-72F7ED811764}.Debug|x64.Build.0 = Debug|x64
		{642B8991-9630-4B8B-931A-72F7ED811764}.Release|x64.ActiveCfg = Release|x64
		{642B8991-9630-4B8B-931A-72F7ED811764}.Release|x64.Build.0 = Release|x64
		{8297D100-70E8-4A34-9250-B1613C0863A0}.Debug|x64.ActiveCfg = Debug|x64
		{8297D100-70E8-4A34-9250-B1613C0863A0}.Debug|x64.Build.0 = Debug|x64
		{8297D100-70E8-4A34-9250-B1613C0863A0}.Release|x64.ActiveCfg = Release|x64
		{8297D100-70E8-4A34-9250-B1613C0863A0}.Release|x64.Build.0 = Release|x64
		{B178C952-88CB-424C-844F-61F913BF5673}.Debug|x64.ActiveCfg = Debug|x64
		{B178C952-88CB-424C-844F-61F913BF5673}.Debug|x64.Build.0 = Debug|x64
		{B178C952-88CB-424C-844F-61F913BF5673}.Release|x64.ActiveCfg = Release|x64
		{B178C952-88CB-424C-844F-61F913BF5673}.Release|x64.Build.0 = Release|x64
		{073C1EBF-AAF7-4104-8FDC-CF2233DEDAC6}.Debug|x64.ActiveCfg = Debug|x64
		{073C1EBF-AAF7-4104-8FDC-CF2233DEDAC6}.Debug|x64.Build.0 = Debug|x64
		{073C1EBF-AAF7-4104-8FDC-CF2233DEDAC6}.Release|x64.ActiveCfg = Release|x64
		{073C1EBF-AAF7-4104-8FDC-CF2233DEDAC6}.Release|x64.Build.0 = Release|x64
		{776AEBBA-8C6E-4978-BA8B-A2740E05D274}.Debug|x64.ActiveCfg = Debug|x64
		{776AEBBA-8C6E-4978-BA8B-A2740E05D274}.Debug|x64.Build.0 = Debug|x64
		{776AEBBA-8C6E-4978-BA8B-A2740E05D274}.Release|x64.ActiveCfg = Release|x64
		{776AEBBA-8C6E-4978-BA8B-A2740E05D274}.Release|x64.Build.0 = Release|x64
		{F6FE8161-AEB6-4FCA-AAAE-CB303DCCBD24}.Debug|x64.ActiveCfg = Debug|x64
		{F6FE8161-AEB6-4FCA-AAAE-CB303DCCBD24}.Debug|x64.Build.0 = Debug|x64
		{F6FE8161-AEB6-4FCA-AAAE-CB303DCCBD24}.Release|x64.ActiveCfg = Release|x64
		{F6FE8161-AEB6-4FCA-AAAE-CB303DCCBD24}.Release|x64.Build.0 = Release|x64
	EndGlobalSection
	GlobalSection(SolutionProperties) = preSolution
		HideSolutionNode = FALSE
	EndGlobalSection
EndGlobal
