
Microsoft Visual Studio Solution File, Format Version 11.00
# Visual Studio 2010
Project("{FAE04EC0-301F-11D3-BF4B-00C04F79EFBC}") = "GxGetImage_VS2010", "GxGetImage\GxGetImage_VS2010.csproj", "{74EDB293-B31E-4689-B17A-AAA769C4F11B}"
EndProject
Project("{FAE04EC0-301F-11D3-BF4B-00C04F79EFBC}") = "GxSingleCam_VS2010", "GxSingleCam\GxSingleCam_VS2010.csproj", "{3BD133B8-770A-4DDF-B113-539DCD22FC88}"
EndProject
Project("{FAE04EC0-301F-11D3-BF4B-00C04F79EFBC}") = "GxCameraEvents_VS2010", "GxCameraEvents\GxCameraEvents_VS2010.csproj", "{CCE0DB00-A1B5-4AC1-ABF4-541557F82EBB}"
EndProject
Project("{FAE04EC0-301F-11D3-BF4B-00C04F79EFBC}") = "GxGigeRecovery_VS2010", "GxGigeRecovery\GxGigeRecovery_VS2010.csproj", "{0F0B43BE-8EAE-47AD-B9E6-CA1EE682819B}"
EndProject
Project("{FAE04EC0-301F-11D3-BF4B-00C04F79EFBC}") = "GxImageProcess_VS2010", "GxImageProcess\GxImageProcess_VS2010.csproj", "{A5319FB4-0421-4C18-8398-0DC636CF90CC}"
EndProject
Project("{FAE04EC0-301F-11D3-BF4B-00C04F79EFBC}") = "GxMultiCam_VS2010", "GxMultiCam\GxMultiCam_VS2010.csproj", "{1C680DE9-E310-4BFC-B478-7C68E21DFE61}"
EndProject
Project("{FAE04EC0-301F-11D3-BF4B-00C04F79EFBC}") = "GxMultiCamForHDR_VS2010", "GxMultiCamForHDR\GxMultiCamForHDR_VS2010.csproj", "{1BED7333-17BB-4A9B-8224-A30306F68340}"
EndProject
Project("{FAE04EC0-301F-11D3-BF4B-00C04F79EFBC}") = "GxSequencer_VS2010", "GxSequencer\GxSequencer_VS2010.csproj", "{C067E9FE-B219-4A77-929C-15C81AA39F81}"
EndProject
Project("{FAE04EC0-301F-11D3-BF4B-00C04F79EFBC}") = "GxFlatFieldCorrection_VS2010", "GxFlatFieldCorrection\GxFlatFieldCorrection_VS2010.csproj", "{073C1EBF-AAF7-4104-8FDC-CF2233DEDAC6}"
EndProject
Project("{FAE04EC0-301F-11D3-BF4B-00C04F79EFBC}") = "GxChunkData_VS2010", "GxChunkData\GxChunkData_VS2010.csproj", "{70116235-29D7-4DBA-AB58-57B5D23A8342}"
EndProject
Project("{FAE04EC0-301F-11D3-BF4B-00C04F79EFBC}") = "GxDecompression_VS2010", "GxDecompression\GxDecompression_VS2010.csproj", "{CD41D473-A5E0-4C75-9313-8BD76344D549}"
EndProject
Global
	GlobalSection(SolutionConfigurationPlatforms) = preSolution
		Debug|x64 = Debug|x64
		Release|x64 = Release|x64
	EndGlobalSection
	GlobalSection(ProjectConfigurationPlatforms) = postSolution
		{74EDB293-B31E-4689-B17A-AAA769C4F11B}.Debug|x64.ActiveCfg = Debug|x64
		{74EDB293-B31E-4689-B17A-AAA769C4F11B}.Debug|x64.Build.0 = Debug|x64
		{74EDB293-B31E-4689-B17A-AAA769C4F11B}.Release|x64.ActiveCfg = Release|x64
		{74EDB293-B31E-4689-B17A-AAA769C4F11B}.Release|x64.Build.0 = Release|x64
		{3BD133B8-770A-4DDF-B113-539DCD22FC88}.Debug|x64.ActiveCfg = Debug|x64
		{3BD133B8-770A-4DDF-B113-539DCD22FC88}.Debug|x64.Build.0 = Debug|x64
		{3BD133B8-770A-4DDF-B113-539DCD22FC88}.Release|x64.ActiveCfg = Release|x64
		{3BD133B8-770A-4DDF-B113-539DCD22FC88}.Release|x64.Build.0 = Release|x64
		{CCE0DB00-A1B5-4AC1-ABF4-541557F82EBB}.Debug|x64.ActiveCfg = Debug|x64
		{CCE0DB00-A1B5-4AC1-ABF4-541557F82EBB}.Debug|x64.Build.0 = Debug|x64
		{CCE0DB00-A1B5-4AC1-ABF4-541557F82EBB}.Release|x64.ActiveCfg = Release|x64
		{CCE0DB00-A1B5-4AC1-ABF4-541557F82EBB}.Release|x64.Build.0 = Release|x64
		{0F0B43BE-8EAE-47AD-B9E6-CA1EE682819B}.Debug|x64.ActiveCfg = Debug|x64
		{0F0B43BE-8EAE-47AD-B9E6-CA1EE682819B}.Debug|x64.Build.0 = Debug|x64
		{0F0B43BE-8EAE-47AD-B9E6-CA1EE682819B}.Release|x64.ActiveCfg = Release|x64
		{0F0B43BE-8EAE-47AD-B9E6-CA1EE682819B}.Release|x64.Build.0 = Release|x64
		{A5319FB4-0421-4C18-8398-0DC636CF90CC}.Debug|x64.ActiveCfg = Debug|x64
		{A5319FB4-0421-4C18-8398-0DC636CF90CC}.Debug|x64.Build.0 = Debug|x64
		{A5319FB4-0421-4C18-8398-0DC636CF90CC}.Release|x64.ActiveCfg = Release|x64
		{A5319FB4-0421-4C18-8398-0DC636CF90CC}.Release|x64.Build.0 = Release|x64
		{1C680DE9-E310-4BFC-B478-7C68E21DFE61}.Debug|x64.ActiveCfg = Debug|x64
		{1C680DE9-E310-4BFC-B478-7C68E21DFE61}.Debug|x64.Build.0 = Debug|x64
		{1C680DE9-E310-4BFC-B478-7C68E21DFE61}.Release|x64.ActiveCfg = Release|x64
		{1C680DE9-E310-4BFC-B478-7C68E21DFE61}.Release|x64.Build.0 = Release|x64
		{1BED7333-17BB-4A9B-8224-A30306F68340}.Debug|x64.ActiveCfg = Debug|x64
		{1BED7333-17BB-4A9B-8224-A30306F68340}.Debug|x64.Build.0 = Debug|x64
		{1BED7333-17BB-4A9B-8224-A30306F68340}.Release|x64.ActiveCfg = Release|x64
		{1BED7333-17BB-4A9B-8224-A30306F68340}.Release|x64.Build.0 = Release|x64
		{C067E9FE-B219-4A77-929C-15C81AA39F81}.Debug|x64.ActiveCfg = Debug|x64
		{C067E9FE-B219-4A77-929C-15C81AA39F81}.Debug|x64.Build.0 = Debug|x64
		{C067E9FE-B219-4A77-929C-15C81AA39F81}.Release|x64.ActiveCfg = Release|x64
		{C067E9FE-B219-4A77-929C-15C81AA39F81}.Release|x64.Build.0 = Release|x64
		{073C1EBF-AAF7-4104-8FDC-CF2233DEDAC6}.Debug|x64.ActiveCfg = Debug|x64
		{073C1EBF-AAF7-4104-8FDC-CF2233DEDAC6}.Debug|x64.Build.0 = Debug|x64
		{073C1EBF-AAF7-4104-8FDC-CF2233DEDAC6}.Release|x64.ActiveCfg = Release|x64
		{073C1EBF-AAF7-4104-8FDC-CF2233DEDAC6}.Release|x64.Build.0 = Release|x64
		{70116235-29D7-4DBA-AB58-57B5D23A8342}.Debug|x64.ActiveCfg = Debug|x64
		{70116235-29D7-4DBA-AB58-57B5D23A8342}.Debug|x64.Build.0 = Debug|x64
		{70116235-29D7-4DBA-AB58-57B5D23A8342}.Release|x64.ActiveCfg = Release|x64
		{70116235-29D7-4DBA-AB58-57B5D23A8342}.Release|x64.Build.0 = Release|x64
		{CD41D473-A5E0-4C75-9313-8BD76344D549}.Debug|x64.ActiveCfg = Debug|x64
		{CD41D473-A5E0-4C75-9313-8BD76344D549}.Debug|x64.Build.0 = Debug|x64
		{CD41D473-A5E0-4C75-9313-8BD76344D549}.Release|x64.ActiveCfg = Release|x64
		{CD41D473-A5E0-4C75-9313-8BD76344D549}.Release|x64.Build.0 = Release|x64
	EndGlobalSection
	GlobalSection(SolutionProperties) = preSolution
		HideSolutionNode = FALSE
	EndGlobalSection
EndGlobal
