
Microsoft Visual Studio Solution File, Format Version 12.00
# Visual Studio 14
VisualStudioVersion = 14.0.23107.0
MinimumVisualStudioVersion = 10.0.40219.1
Project("{FAE04EC0-301F-11D3-BF4B-00C04F79EFBC}") = "GxCameraEvents_VS2015", "GxCameraEvents\GxCameraEvents_VS2015.csproj", "{A0F562EF-0182-41DE-A412-BF4D2B75710F}"
EndProject
Project("{FAE04EC0-301F-11D3-BF4B-00C04F79EFBC}") = "GxGetImage_VS2015", "GxGetImage\GxGetImage_VS2015.csproj", "{A4D1C4FE-226E-4063-802E-47916C4D01D7}"
EndProject
Project("{FAE04EC0-301F-11D3-BF4B-00C04F79EFBC}") = "GxGigeRecovery_VS2015", "GxGigeRecovery\GxGigeRecovery_VS2015.csproj", "{4246B023-9350-4AD3-B94C-A1F4237CFF14}"
EndProject
Project("{FAE04EC0-301F-11D3-BF4B-00C04F79EFBC}") = "GxImageProcess_VS2015", "GxImageProcess\GxImageProcess_VS2015.csproj", "{B58CF072-6A57-4903-BAE7-285BA3643962}"
EndProject
Project("{FAE04EC0-301F-11D3-BF4B-00C04F79EFBC}") = "GxMultiCam_VS2015", "GxMultiCam\GxMultiCam_VS2015.csproj", "{0D6D12EB-87EB-4417-8E8E-5E31A128CC09}"
EndProject
Project("{FAE04EC0-301F-11D3-BF4B-00C04F79EFBC}") = "GxSingleCam_VS2015", "GxSingleCam\GxSingleCam_VS2015.csproj", "{B9D706A6-58F5-4608-BBCD-C2E3F2DF9605}"
EndProject
Project("{FAE04EC0-301F-11D3-BF4B-00C04F79EFBC}") = "GxMultiCamForHDR_VS2015", "GxMultiCamForHDR\GxMultiCamForHDR_VS2015.csproj", "{6F9077AA-E327-4B43-9407-BF6C6FCABBCF}"
EndProject
Project("{FAE04EC0-301F-11D3-BF4B-00C04F79EFBC}") = "GxSequencer_VS2015", "GxSequencer\GxSequencer_VS2015.csproj", "{D3C9D9A1-6F5B-48FD-802A-AEA09677422A}"
EndProject
Project("{FAE04EC0-301F-11D3-BF4B-00C04F79EFBC}") = "GxFlatFieldCorrection_VS2015", "GxFlatFieldCorrection\GxFlatFieldCorrection_VS2015.csproj", "{073C1EBF-AAF7-4104-8FDC-CF2233DEDAC6}"
EndProject
Project("{FAE04EC0-301F-11D3-BF4B-00C04F79EFBC}") = "GxChunkData_VS2015", "GxChunkData\GxChunkData_VS2015.csproj", "{AF9B445D-A08F-47F8-9909-E43A2BEEC747}"
EndProject
Project("{FAE04EC0-301F-11D3-BF4B-00C04F79EFBC}") = "GxDecompression_VS2015", "GxDecompression\GxDecompression_VS2015.csproj", "{3667E91A-2C77-4672-B9B7-746A03EB0849}"
EndProject
Global
	GlobalSection(SolutionConfigurationPlatforms) = preSolution
		Debug|x64 = Debug|x64
		Release|x64 = Release|x64
	EndGlobalSection
	GlobalSection(ProjectConfigurationPlatforms) = postSolution
		{A0F562EF-0182-41DE-A412-BF4D2B75710F}.Debug|x64.ActiveCfg = Debug|x64
		{A0F562EF-0182-41DE-A412-BF4D2B75710F}.Debug|x64.Build.0 = Debug|x64
		{A0F562EF-0182-41DE-A412-BF4D2B75710F}.Release|x64.ActiveCfg = Release|x64
		{A0F562EF-0182-41DE-A412-BF4D2B75710F}.Release|x64.Build.0 = Release|x64
		{A4D1C4FE-226E-4063-802E-47916C4D01D7}.Debug|x64.ActiveCfg = Debug|x64
		{A4D1C4FE-226E-4063-802E-47916C4D01D7}.Debug|x64.Build.0 = Debug|x64
		{A4D1C4FE-226E-4063-802E-47916C4D01D7}.Release|x64.ActiveCfg = Release|x64
		{A4D1C4FE-226E-4063-802E-47916C4D01D7}.Release|x64.Build.0 = Release|x64
		{4246B023-9350-4AD3-B94C-A1F4237CFF14}.Debug|x64.ActiveCfg = Debug|x64
		{4246B023-9350-4AD3-B94C-A1F4237CFF14}.Debug|x64.Build.0 = Debug|x64
		{4246B023-9350-4AD3-B94C-A1F4237CFF14}.Release|x64.ActiveCfg = Release|x64
		{4246B023-9350-4AD3-B94C-A1F4237CFF14}.Release|x64.Build.0 = Release|x64
		{B58CF072-6A57-4903-BAE7-285BA3643962}.Debug|x64.ActiveCfg = Debug|x64
		{B58CF072-6A57-4903-BAE7-285BA3643962}.Debug|x64.Build.0 = Debug|x64
		{B58CF072-6A57-4903-BAE7-285BA3643962}.Release|x64.ActiveCfg = Release|x64
		{B58CF072-6A57-4903-BAE7-285BA3643962}.Release|x64.Build.0 = Release|x64
		{0D6D12EB-87EB-4417-8E8E-5E31A128CC09}.Debug|x64.ActiveCfg = Debug|x64
		{0D6D12EB-87EB-4417-8E8E-5E31A128CC09}.Debug|x64.Build.0 = Debug|x64
		{0D6D12EB-87EB-4417-8E8E-5E31A128CC09}.Release|x64.ActiveCfg = Release|x64
		{0D6D12EB-87EB-4417-8E8E-5E31A128CC09}.Release|x64.Build.0 = Release|x64
		{B9D706A6-58F5-4608-BBCD-C2E3F2DF9605}.Debug|x64.ActiveCfg = Debug|x64
		{B9D706A6-58F5-4608-BBCD-C2E3F2DF9605}.Debug|x64.Build.0 = Debug|x64
		{B9D706A6-58F5-4608-BBCD-C2E3F2DF9605}.Release|x64.ActiveCfg = Release|x64
		{B9D706A6-58F5-4608-BBCD-C2E3F2DF9605}.Release|x64.Build.0 = Release|x64
		{6F9077AA-E327-4B43-9407-BF6C6FCABBCF}.Debug|x64.ActiveCfg = Debug|x64
		{6F9077AA-E327-4B43-9407-BF6C6FCABBCF}.Debug|x64.Build.0 = Debug|x64
		{6F9077AA-E327-4B43-9407-BF6C6FCABBCF}.Release|x64.ActiveCfg = Release|x64
		{6F9077AA-E327-4B43-9407-BF6C6FCABBCF}.Release|x64.Build.0 = Release|x64
		{D3C9D9A1-6F5B-48FD-802A-AEA09677422A}.Debug|x64.ActiveCfg = Debug|x64
		{D3C9D9A1-6F5B-48FD-802A-AEA09677422A}.Debug|x64.Build.0 = Debug|x64
		{D3C9D9A1-6F5B-48FD-802A-AEA09677422A}.Release|x64.ActiveCfg = Release|x64
		{D3C9D9A1-6F5B-48FD-802A-AEA09677422A}.Release|x64.Build.0 = Release|x64
		{073C1EBF-AAF7-4104-8FDC-CF2233DEDAC6}.Debug|x64.ActiveCfg = Debug|x64
		{073C1EBF-AAF7-4104-8FDC-CF2233DEDAC6}.Debug|x64.Build.0 = Debug|x64
		{073C1EBF-AAF7-4104-8FDC-CF2233DEDAC6}.Release|x64.ActiveCfg = Release|x64
		{073C1EBF-AAF7-4104-8FDC-CF2233DEDAC6}.Release|x64.Build.0 = Release|x64
		{AF9B445D-A08F-47F8-9909-E43A2BEEC747}.Debug|x64.ActiveCfg = Debug|x64
		{AF9B445D-A08F-47F8-9909-E43A2BEEC747}.Debug|x64.Build.0 = Debug|x64
		{AF9B445D-A08F-47F8-9909-E43A2BEEC747}.Release|x64.ActiveCfg = Release|x64
		{AF9B445D-A08F-47F8-9909-E43A2BEEC747}.Release|x64.Build.0 = Release|x64
		{3667E91A-2C77-4672-B9B7-746A03EB0849}.Debug|x64.ActiveCfg = Debug|x64
		{3667E91A-2C77-4672-B9B7-746A03EB0849}.Debug|x64.Build.0 = Debug|x64
		{3667E91A-2C77-4672-B9B7-746A03EB0849}.Release|x64.ActiveCfg = Release|x64
		{3667E91A-2C77-4672-B9B7-746A03EB0849}.Release|x64.Build.0 = Release|x64
	EndGlobalSection
	GlobalSection(SolutionProperties) = preSolution
		HideSolutionNode = FALSE
	EndGlobalSection
EndGlobal
