
Microsoft Visual Studio Solution File, Format Version 10.00
# Visual Studio 2008
Project("{8BC9CEB8-8B4A-11D0-8D11-00A0C91BC942}") = "GxCameraEvents", "GxCameraEvents\GxCameraEvents_VS2008.vcproj", "{106BE0EA-4DC5-4B4B-9BEA-242CE5A45863}"
EndProject
Project("{8BC9CEB8-8B4A-11D0-8D11-00A0C91BC942}") = "GxGigeRecovery", "GxGigeRecovery\GxGigeRecovery_VS2008.vcproj", "{BA8E03AB-7955-4F5D-B468-C005C359A1F5}"
EndProject
Project("{8BC9CEB8-8B4A-11D0-8D11-00A0C91BC942}") = "GxImageProcess", "GxImageProcess\GxImageProcess_VS2008.vcproj", "{60356FC8-D4A7-4C9A-8112-0ADA7130ABB4}"
EndProject
Project("{8BC9CEB8-8B4A-11D0-8D11-00A0C91BC942}") = "GxSingleCam", "GxSingleCam\GxSingleCam_VS2008.vcproj", "{448C8A74-B1D6-44FE-AB90-610E5A094C56}"
EndProject
Project("{8BC9CEB8-8B4A-11D0-8D11-00A0C91BC942}") = "GxMultiCam", "GxMultiCam\GxMultiCam_VS2008.vcproj", "{12C3FCC1-8C95-47F8-8817-F6276C80AC90}"
EndProject
Project("{8BC9CEB8-8B4A-11D0-8D11-00A0C91BC942}") = "GxMultiCamForHDR", "GxMultiCamForHDR\GxMultiCamForHDR_VS2008.vcproj", "{3F7D37D6-C630-4ADE-A266-5B20C091F568}"
EndProject
Project("{8BC9CEB8-8B4A-11D0-8D11-00A0C91BC942}") = "GxSimpleGrab", "GxSimpleGrab\GxSimpleGrab_VS2008.vcproj", "{D81A7B1D-33CB-49A1-9115-43498C0973D8}"
EndProject
Project("{8BC9CEB8-8B4A-11D0-8D11-00A0C91BC942}") = "GxSequencer", "GxSequencer\GxSequencer_VS2008.vcproj", "{06996184-1AC7-43A1-8574-8E4AD078F6C0}"
EndProject
Project("{8BC9CEB8-8B4A-11D0-8D11-00A0C91BC942}") = "GxActionCommand", "GxActionCommand\GxActionCommand_VS2008.vcproj", "{E185108F-5B03-4766-A5F2-2A80CEE00F41}"
EndProject
Project("{8BC9CEB8-8B4A-11D0-8D11-00A0C91BC942}") = "GxAutoReconnect", "GxAutoReconnect\GxAutoReconnect_VS2008.vcproj", "{4E3B85CE-757C-48F6-A1A2-D666F02F9CF2}"
EndProject
Project("{8BC9CEB8-8B4A-11D0-8D11-00A0C91BC942}") = "GxMutlispectral", "GxMutlispectral\GxMutlispectral_VS2008.vcproj", "{1DD9BAE6-A1CE-4883-A592-6ABAE44565CE}"
EndProject
Project("{8BC9CEB8-8B4A-11D0-8D11-00A0C91BC942}") = "GxFlatFieldCorrection", "GxFlatFieldCorrection\GxFlatFieldCorrection_VS2008.vcproj", "{8C1E2B5B-4791-4F3F-86DA-1D5F28E5C48A}"
EndProject
Project("{8BC9CEB8-8B4A-11D0-8D11-00A0C91BC942}") = "GxChunkData", "GxChunkData\GxChunkData_VS2008.vcproj", "{27AF310F-701D-432E-94BC-7A3BD50F4E6D}"
EndProject
Project("{8BC9CEB8-8B4A-11D0-8D11-00A0C91BC942}") = "GxDecompression", "GxDecompression\GxDecompression_VS2008.vcproj", "{3015CAFA-1A52-4121-85BB-FF3B7CA877F5}"
EndProject
Global
	GlobalSection(SolutionConfigurationPlatforms) = preSolution
		Debug|Win32 = Debug|Win32
		Debug|x64 = Debug|x64
		Release|Win32 = Release|Win32
		Release|x64 = Release|x64
	EndGlobalSection
	GlobalSection(ProjectConfigurationPlatforms) = postSolution
		{106BE0EA-4DC5-4B4B-9BEA-242CE5A45863}.Debug|Win32.ActiveCfg = Debug|Win32
		{106BE0EA-4DC5-4B4B-9BEA-242CE5A45863}.Debug|Win32.Build.0 = Debug|Win32
		{106BE0EA-4DC5-4B4B-9BEA-242CE5A45863}.Debug|x64.ActiveCfg = Debug|x64
		{106BE0EA-4DC5-4B4B-9BEA-242CE5A45863}.Debug|x64.Build.0 = Debug|x64
		{106BE0EA-4DC5-4B4B-9BEA-242CE5A45863}.Release|Win32.ActiveCfg = Release|Win32
		{106BE0EA-4DC5-4B4B-9BEA-242CE5A45863}.Release|Win32.Build.0 = Release|Win32
		{106BE0EA-4DC5-4B4B-9BEA-242CE5A45863}.Release|x64.ActiveCfg = Release|x64
		{106BE0EA-4DC5-4B4B-9BEA-242CE5A45863}.Release|x64.Build.0 = Release|x64
		{BA8E03AB-7955-4F5D-B468-C005C359A1F5}.Debug|Win32.ActiveCfg = Debug|Win32
		{BA8E03AB-7955-4F5D-B468-C005C359A1F5}.Debug|Win32.Build.0 = Debug|Win32
		{BA8E03AB-7955-4F5D-B468-C005C359A1F5}.Debug|x64.ActiveCfg = Debug|x64
		{BA8E03AB-7955-4F5D-B468-C005C359A1F5}.Debug|x64.Build.0 = Debug|x64
		{BA8E03AB-7955-4F5D-B468-C005C359A1F5}.Release|Win32.ActiveCfg = Release|Win32
		{BA8E03AB-7955-4F5D-B468-C005C359A1F5}.Release|Win32.Build.0 = Release|Win32
		{BA8E03AB-7955-4F5D-B468-C005C359A1F5}.Release|x64.ActiveCfg = Release|x64
		{BA8E03AB-7955-4F5D-B468-C005C359A1F5}.Release|x64.Build.0 = Release|x64
		{60356FC8-D4A7-4C9A-8112-0ADA7130ABB4}.Debug|Win32.ActiveCfg = Debug|Win32
		{60356FC8-D4A7-4C9A-8112-0ADA7130ABB4}.Debug|Win32.Build.0 = Debug|Win32
		{60356FC8-D4A7-4C9A-8112-0ADA7130ABB4}.Debug|x64.ActiveCfg = Debug|x64
		{60356FC8-D4A7-4C9A-8112-0ADA7130ABB4}.Debug|x64.Build.0 = Debug|x64
		{60356FC8-D4A7-4C9A-8112-0ADA7130ABB4}.Release|Win32.ActiveCfg = Release|Win32
		{60356FC8-D4A7-4C9A-8112-0ADA7130ABB4}.Release|Win32.Build.0 = Release|Win32
		{60356FC8-D4A7-4C9A-8112-0ADA7130ABB4}.Release|x64.ActiveCfg = Release|x64
		{60356FC8-D4A7-4C9A-8112-0ADA7130ABB4}.Release|x64.Build.0 = Release|x64
		{448C8A74-B1D6-44FE-AB90-610E5A094C56}.Debug|Win32.ActiveCfg = Debug|Win32
		{448C8A74-B1D6-44FE-AB90-610E5A094C56}.Debug|Win32.Build.0 = Debug|Win32
		{448C8A74-B1D6-44FE-AB90-610E5A094C56}.Debug|x64.ActiveCfg = Debug|x64
		{448C8A74-B1D6-44FE-AB90-610E5A094C56}.Debug|x64.Build.0 = Debug|x64
		{448C8A74-B1D6-44FE-AB90-610E5A094C56}.Release|Win32.ActiveCfg = Release|Win32
		{448C8A74-B1D6-44FE-AB90-610E5A094C56}.Release|Win32.Build.0 = Release|Win32
		{448C8A74-B1D6-44FE-AB90-610E5A094C56}.Release|x64.ActiveCfg = Release|x64
		{448C8A74-B1D6-44FE-AB90-610E5A094C56}.Release|x64.Build.0 = Release|x64
		{12C3FCC1-8C95-47F8-8817-F6276C80AC90}.Debug|Win32.ActiveCfg = Debug|Win32
		{12C3FCC1-8C95-47F8-8817-F6276C80AC90}.Debug|Win32.Build.0 = Debug|Win32
		{12C3FCC1-8C95-47F8-8817-F6276C80AC90}.Debug|x64.ActiveCfg = Debug|x64
		{12C3FCC1-8C95-47F8-8817-F6276C80AC90}.Debug|x64.Build.0 = Debug|x64
		{12C3FCC1-8C95-47F8-8817-F6276C80AC90}.Release|Win32.ActiveCfg = Release|Win32
		{12C3FCC1-8C95-47F8-8817-F6276C80AC90}.Release|Win32.Build.0 = Release|Win32
		{12C3FCC1-8C95-47F8-8817-F6276C80AC90}.Release|x64.ActiveCfg = Release|x64
		{12C3FCC1-8C95-47F8-8817-F6276C80AC90}.Release|x64.Build.0 = Release|x64
		{3F7D37D6-C630-4ADE-A266-5B20C091F568}.Debug|Win32.ActiveCfg = Debug|Win32
		{3F7D37D6-C630-4ADE-A266-5B20C091F568}.Debug|Win32.Build.0 = Debug|Win32
		{3F7D37D6-C630-4ADE-A266-5B20C091F568}.Debug|x64.ActiveCfg = Debug|x64
		{3F7D37D6-C630-4ADE-A266-5B20C091F568}.Debug|x64.Build.0 = Debug|x64
		{3F7D37D6-C630-4ADE-A266-5B20C091F568}.Release|Win32.ActiveCfg = Release|Win32
		{3F7D37D6-C630-4ADE-A266-5B20C091F568}.Release|Win32.Build.0 = Release|Win32
		{3F7D37D6-C630-4ADE-A266-5B20C091F568}.Release|x64.ActiveCfg = Release|x64
		{3F7D37D6-C630-4ADE-A266-5B20C091F568}.Release|x64.Build.0 = Release|x64
		{D81A7B1D-33CB-49A1-9115-43498C0973D8}.Debug|Win32.ActiveCfg = Debug|Win32
		{D81A7B1D-33CB-49A1-9115-43498C0973D8}.Debug|x64.ActiveCfg = Debug|x64
		{D81A7B1D-33CB-49A1-9115-43498C0973D8}.Release|Win32.ActiveCfg = Release|Win32
		{D81A7B1D-33CB-49A1-9115-43498C0973D8}.Release|x64.ActiveCfg = Release|x64
		{06996184-1AC7-43A1-8574-8E4AD078F6C0}.Debug|Win32.ActiveCfg = Debug|Win32
		{06996184-1AC7-43A1-8574-8E4AD078F6C0}.Debug|Win32.Build.0 = Debug|Win32
		{06996184-1AC7-43A1-8574-8E4AD078F6C0}.Debug|x64.ActiveCfg = Debug|x64
		{06996184-1AC7-43A1-8574-8E4AD078F6C0}.Debug|x64.Build.0 = Debug|x64
		{06996184-1AC7-43A1-8574-8E4AD078F6C0}.Release|Win32.ActiveCfg = Release|Win32
		{06996184-1AC7-43A1-8574-8E4AD078F6C0}.Release|Win32.Build.0 = Release|Win32
		{06996184-1AC7-43A1-8574-8E4AD078F6C0}.Release|x64.ActiveCfg = Release|x64
		{06996184-1AC7-43A1-8574-8E4AD078F6C0}.Release|x64.Build.0 = Release|x64
		{E185108F-5B03-4766-A5F2-2A80CEE00F41}.Debug|Win32.ActiveCfg = Debug|Win32
		{E185108F-5B03-4766-A5F2-2A80CEE00F41}.Debug|Win32.Build.0 = Debug|Win32
		{E185108F-5B03-4766-A5F2-2A80CEE00F41}.Debug|x64.ActiveCfg = Debug|x64
		{E185108F-5B03-4766-A5F2-2A80CEE00F41}.Debug|x64.Build.0 = Debug|x64
		{E185108F-5B03-4766-A5F2-2A80CEE00F41}.Release|Win32.ActiveCfg = Release|Win32
		{E185108F-5B03-4766-A5F2-2A80CEE00F41}.Release|Win32.Build.0 = Release|Win32
		{E185108F-5B03-4766-A5F2-2A80CEE00F41}.Release|x64.ActiveCfg = Release|x64
		{E185108F-5B03-4766-A5F2-2A80CEE00F41}.Release|x64.Build.0 = Release|x64
		{4E3B85CE-757C-48F6-A1A2-D666F02F9CF2}.Debug|Win32.ActiveCfg = Debug|Win32
		{4E3B85CE-757C-48F6-A1A2-D666F02F9CF2}.Debug|x64.ActiveCfg = Debug|x64
		{4E3B85CE-757C-48F6-A1A2-D666F02F9CF2}.Release|Win32.ActiveCfg = Release|Win32
		{4E3B85CE-757C-48F6-A1A2-D666F02F9CF2}.Release|x64.ActiveCfg = Release|x64
		{1DD9BAE6-A1CE-4883-A592-6ABAE44565CE}.Debug|Win32.ActiveCfg = Debug|Win32
		{1DD9BAE6-A1CE-4883-A592-6ABAE44565CE}.Debug|x64.ActiveCfg = Debug|x64
		{1DD9BAE6-A1CE-4883-A592-6ABAE44565CE}.Release|Win32.ActiveCfg = Release|Win32
		{1DD9BAE6-A1CE-4883-A592-6ABAE44565CE}.Release|x64.ActiveCfg = Release|x64
		{8C1E2B5B-4791-4F3F-86DA-1D5F28E5C48A}.Debug|Win32.ActiveCfg = Debug|Win32
		{8C1E2B5B-4791-4F3F-86DA-1D5F28E5C48A}.Debug|x64.ActiveCfg = Debug|x64
		{8C1E2B5B-4791-4F3F-86DA-1D5F28E5C48A}.Release|Win32.ActiveCfg = Release|Win32
		{8C1E2B5B-4791-4F3F-86DA-1D5F28E5C48A}.Release|x64.ActiveCfg = Release|x64
		{27AF310F-701D-432E-94BC-7A3BD50F4E6D}.Debug|Win32.ActiveCfg = Debug|Win32
		{27AF310F-701D-432E-94BC-7A3BD50F4E6D}.Debug|Win32.Build.0 = Debug|Win32
		{27AF310F-701D-432E-94BC-7A3BD50F4E6D}.Debug|x64.ActiveCfg = Debug|x64
		{27AF310F-701D-432E-94BC-7A3BD50F4E6D}.Debug|x64.Build.0 = Debug|x64
		{27AF310F-701D-432E-94BC-7A3BD50F4E6D}.Release|Win32.ActiveCfg = Release|Win32
		{27AF310F-701D-432E-94BC-7A3BD50F4E6D}.Release|Win32.Build.0 = Release|Win32
		{27AF310F-701D-432E-94BC-7A3BD50F4E6D}.Release|x64.ActiveCfg = Release|x64
		{27AF310F-701D-432E-94BC-7A3BD50F4E6D}.Release|x64.Build.0 = Release|x64
		{3015CAFA-1A52-4121-85BB-FF3B7CA877F5}.Debug|Win32.ActiveCfg = Debug|Win32
		{3015CAFA-1A52-4121-85BB-FF3B7CA877F5}.Debug|Win32.Build.0 = Debug|Win32
		{3015CAFA-1A52-4121-85BB-FF3B7CA877F5}.Debug|x64.ActiveCfg = Debug|x64
		{3015CAFA-1A52-4121-85BB-FF3B7CA877F5}.Debug|x64.Build.0 = Debug|x64
		{3015CAFA-1A52-4121-85BB-FF3B7CA877F5}.Release|Win32.ActiveCfg = Release|Win32
		{3015CAFA-1A52-4121-85BB-FF3B7CA877F5}.Release|Win32.Build.0 = Release|Win32
		{3015CAFA-1A52-4121-85BB-FF3B7CA877F5}.Release|x64.ActiveCfg = Release|x64
		{3015CAFA-1A52-4121-85BB-FF3B7CA877F5}.Release|x64.Build.0 = Release|x64
	EndGlobalSection
	GlobalSection(SolutionProperties) = preSolution
		HideSolutionNode = FALSE
	EndGlobalSection
EndGlobal
