
Microsoft Visual Studio Solution File, Format Version 12.00
# Visual Studio 15
VisualStudioVersion = 15.0.35319.79
MinimumVisualStudioVersion = 10.0.40219.1
Project("{8BC9CEB8-8B4A-11D0-8D11-00A0C91BC942}") = "GxCameraEvents_VS2015", "GxCameraEvents\GxCameraEvents_vs2015.vcxproj", "{1A92FBE5-53E6-4F3D-A68B-31A5114F02E7}"
EndProject
Project("{8BC9CEB8-8B4A-11D0-8D11-00A0C91BC942}") = "GxGigeRecovery_VS2015", "GxGigeRecovery\GxGigeRecovery_VS2015.vcxproj", "{BD52E4DE-F36C-4B68-8A0B-6334AAB51FA9}"
EndProject
Project("{8BC9CEB8-8B4A-11D0-8D11-00A0C91BC942}") = "GxImageProcess_VS2015", "GxImageProcess\GxImageProcess_VS2015.vcxproj", "{7F704C5D-3A98-404D-98B1-50E5C28A2499}"
EndProject
Project("{8BC9CEB8-8B4A-11D0-8D11-00A0C91BC942}") = "GxMultiCam_VS2015", "GxMultiCam\GxMultiCam_VS2015.vcxproj", "{73699494-6A41-4D8D-9DD9-385686236C94}"
EndProject
Project("{8BC9CEB8-8B4A-11D0-8D11-00A0C91BC942}") = "GxSingleCam_VS2015", "GxSingleCam\GxSingleCam_VS2015.vcxproj", "{9A8785A8-F36F-4F3C-8AB0-763CCDB2A3F8}"
EndProject
Project("{8BC9CEB8-8B4A-11D0-8D11-00A0C91BC942}") = "GxMultiCamForHDR_VS2015", "GxMultiCamForHDR\GxMultiCamForHDR_VS2015.vcxproj", "{CE52CD74-85D4-4B95-B477-73FC4FCE937D}"
EndProject
Project("{8BC9CEB8-8B4A-11D0-8D11-00A0C91BC942}") = "GxSimpleGrab_VS2015", "GxSimpleGrab\GxSimpleGrab_VS2015.vcxproj", "{DBCC5505-D1DB-4E6B-B7D5-B7320F73D899}"
EndProject
Project("{8BC9CEB8-8B4A-11D0-8D11-00A0C91BC942}") = "GxSequencer_VS2015", "GxSequencer\GxSequencer_VS2015.vcxproj", "{AA455085-5028-4ED1-908B-B3EDED1B34F5}"
EndProject
Project("{8BC9CEB8-8B4A-11D0-8D11-00A0C91BC942}") = "GxActionCommand_VS2015", "GxActionCommand\GxActionCommand_VS2015.vcxproj", "{5AE41BC6-5FC7-43F3-842F-8462101FC29D}"
EndProject
Project("{8BC9CEB8-8B4A-11D0-8D11-00A0C91BC942}") = "GxAutoReconnect_VS2015", "GxAutoReconnect\GxAutoReconnect_VS2015.vcxproj", "{4E3B85CE-757C-48F6-A1A2-D666F02F9CF2}"
EndProject
Project("{8BC9CEB8-8B4A-11D0-8D11-00A0C91BC942}") = "GxMutlispectral_VS2015", "GxMutlispectral\GxMutlispectral_VS2015.vcxproj", "{1DD9BAE6-A1CE-4883-A592-6ABAE44565CE}"
EndProject
Project("{8BC9CEB8-8B4A-11D0-8D11-00A0C91BC942}") = "GxFlatFieldCorrection_VS2015", "GxFlatFieldCorrection\GxFlatFieldCorrection_VS2015.vcxproj", "{8D313C10-7F2D-4010-9AC8-5B1EB2F07304}"
EndProject
Project("{8BC9CEB8-8B4A-11D0-8D11-00A0C91BC942}") = "GxChunkData_VS2015", "GxChunkData\GxChunkData_VS2015.vcxproj", "{24F5A5BC-1A8A-459C-B685-8EE9EC5D6FE0}"
EndProject
Project("{8BC9CEB8-8B4A-11D0-8D11-00A0C91BC942}") = "GxDecompression_VS2015", "GxDecompression\GxDecompression_VS2015.vcxproj", "{89F72B5A-D58C-4C4C-95C1-B680A9F4D744}"
EndProject
Global
	GlobalSection(SolutionConfigurationPlatforms) = preSolution
		Debug|x64 = Debug|x64
		Debug|x86 = Debug|x86
		Release|x64 = Release|x64
		Release|x86 = Release|x86
	EndGlobalSection
	GlobalSection(ProjectConfigurationPlatforms) = postSolution
		{1A92FBE5-53E6-4F3D-A68B-31A5114F02E7}.Debug|x64.ActiveCfg = Debug|x64
		{1A92FBE5-53E6-4F3D-A68B-31A5114F02E7}.Debug|x64.Build.0 = Debug|x64
		{1A92FBE5-53E6-4F3D-A68B-31A5114F02E7}.Debug|x86.ActiveCfg = Debug|Win32
		{1A92FBE5-53E6-4F3D-A68B-31A5114F02E7}.Debug|x86.Build.0 = Debug|Win32
		{1A92FBE5-53E6-4F3D-A68B-31A5114F02E7}.Release|x64.ActiveCfg = Release|x64
		{1A92FBE5-53E6-4F3D-A68B-31A5114F02E7}.Release|x64.Build.0 = Release|x64
		{1A92FBE5-53E6-4F3D-A68B-31A5114F02E7}.Release|x86.ActiveCfg = Release|Win32
		{1A92FBE5-53E6-4F3D-A68B-31A5114F02E7}.Release|x86.Build.0 = Release|Win32
		{BD52E4DE-F36C-4B68-8A0B-6334AAB51FA9}.Debug|x64.ActiveCfg = Debug|x64
		{BD52E4DE-F36C-4B68-8A0B-6334AAB51FA9}.Debug|x64.Build.0 = Debug|x64
		{BD52E4DE-F36C-4B68-8A0B-6334AAB51FA9}.Debug|x86.ActiveCfg = Debug|Win32
		{BD52E4DE-F36C-4B68-8A0B-6334AAB51FA9}.Debug|x86.Build.0 = Debug|Win32
		{BD52E4DE-F36C-4B68-8A0B-6334AAB51FA9}.Release|x64.ActiveCfg = Release|x64
		{BD52E4DE-F36C-4B68-8A0B-6334AAB51FA9}.Release|x64.Build.0 = Release|x64
		{BD52E4DE-F36C-4B68-8A0B-6334AAB51FA9}.Release|x86.ActiveCfg = Release|Win32
		{BD52E4DE-F36C-4B68-8A0B-6334AAB51FA9}.Release|x86.Build.0 = Release|Win32
		{7F704C5D-3A98-404D-98B1-50E5C28A2499}.Debug|x64.ActiveCfg = Debug|x64
		{7F704C5D-3A98-404D-98B1-50E5C28A2499}.Debug|x64.Build.0 = Debug|x64
		{7F704C5D-3A98-404D-98B1-50E5C28A2499}.Debug|x86.ActiveCfg = Debug|Win32
		{7F704C5D-3A98-404D-98B1-50E5C28A2499}.Debug|x86.Build.0 = Debug|Win32
		{7F704C5D-3A98-404D-98B1-50E5C28A2499}.Release|x64.ActiveCfg = Release|x64
		{7F704C5D-3A98-404D-98B1-50E5C28A2499}.Release|x64.Build.0 = Release|x64
		{7F704C5D-3A98-404D-98B1-50E5C28A2499}.Release|x86.ActiveCfg = Release|Win32
		{7F704C5D-3A98-404D-98B1-50E5C28A2499}.Release|x86.Build.0 = Release|Win32
		{73699494-6A41-4D8D-9DD9-385686236C94}.Debug|x64.ActiveCfg = Debug|x64
		{73699494-6A41-4D8D-9DD9-385686236C94}.Debug|x64.Build.0 = Debug|x64
		{73699494-6A41-4D8D-9DD9-385686236C94}.Debug|x86.ActiveCfg = Debug|Win32
		{73699494-6A41-4D8D-9DD9-385686236C94}.Debug|x86.Build.0 = Debug|Win32
		{73699494-6A41-4D8D-9DD9-385686236C94}.Release|x64.ActiveCfg = Release|x64
		{73699494-6A41-4D8D-9DD9-385686236C94}.Release|x64.Build.0 = Release|x64
		{73699494-6A41-4D8D-9DD9-385686236C94}.Release|x86.ActiveCfg = Release|Win32
		{73699494-6A41-4D8D-9DD9-385686236C94}.Release|x86.Build.0 = Release|Win32
		{9A8785A8-F36F-4F3C-8AB0-763CCDB2A3F8}.Debug|x64.ActiveCfg = Debug|x64
		{9A8785A8-F36F-4F3C-8AB0-763CCDB2A3F8}.Debug|x64.Build.0 = Debug|x64
		{9A8785A8-F36F-4F3C-8AB0-763CCDB2A3F8}.Debug|x86.ActiveCfg = Debug|Win32
		{9A8785A8-F36F-4F3C-8AB0-763CCDB2A3F8}.Debug|x86.Build.0 = Debug|Win32
		{9A8785A8-F36F-4F3C-8AB0-763CCDB2A3F8}.Release|x64.ActiveCfg = Release|x64
		{9A8785A8-F36F-4F3C-8AB0-763CCDB2A3F8}.Release|x64.Build.0 = Release|x64
		{9A8785A8-F36F-4F3C-8AB0-763CCDB2A3F8}.Release|x86.ActiveCfg = Release|Win32
		{9A8785A8-F36F-4F3C-8AB0-763CCDB2A3F8}.Release|x86.Build.0 = Release|Win32
		{CE52CD74-85D4-4B95-B477-73FC4FCE937D}.Debug|x64.ActiveCfg = Debug|x64
		{CE52CD74-85D4-4B95-B477-73FC4FCE937D}.Debug|x64.Build.0 = Debug|x64
		{CE52CD74-85D4-4B95-B477-73FC4FCE937D}.Debug|x86.ActiveCfg = Debug|Win32
		{CE52CD74-85D4-4B95-B477-73FC4FCE937D}.Debug|x86.Build.0 = Debug|Win32
		{CE52CD74-85D4-4B95-B477-73FC4FCE937D}.Release|x64.ActiveCfg = Release|x64
		{CE52CD74-85D4-4B95-B477-73FC4FCE937D}.Release|x64.Build.0 = Release|x64
		{CE52CD74-85D4-4B95-B477-73FC4FCE937D}.Release|x86.ActiveCfg = Release|Win32
		{CE52CD74-85D4-4B95-B477-73FC4FCE937D}.Release|x86.Build.0 = Release|Win32
		{DBCC5505-D1DB-4E6B-B7D5-B7320F73D899}.Debug|x64.ActiveCfg = Debug|x64
		{DBCC5505-D1DB-4E6B-B7D5-B7320F73D899}.Debug|x64.Build.0 = Debug|x64
		{DBCC5505-D1DB-4E6B-B7D5-B7320F73D899}.Debug|x86.ActiveCfg = Debug|Win32
		{DBCC5505-D1DB-4E6B-B7D5-B7320F73D899}.Debug|x86.Build.0 = Debug|Win32
		{DBCC5505-D1DB-4E6B-B7D5-B7320F73D899}.Release|x64.ActiveCfg = Release|x64
		{DBCC5505-D1DB-4E6B-B7D5-B7320F73D899}.Release|x64.Build.0 = Release|x64
		{DBCC5505-D1DB-4E6B-B7D5-B7320F73D899}.Release|x86.ActiveCfg = Release|Win32
		{DBCC5505-D1DB-4E6B-B7D5-B7320F73D899}.Release|x86.Build.0 = Release|Win32
		{AA455085-5028-4ED1-908B-B3EDED1B34F5}.Debug|x64.ActiveCfg = Debug|x64
		{AA455085-5028-4ED1-908B-B3EDED1B34F5}.Debug|x64.Build.0 = Debug|x64
		{AA455085-5028-4ED1-908B-B3EDED1B34F5}.Debug|x86.ActiveCfg = Debug|Win32
		{AA455085-5028-4ED1-908B-B3EDED1B34F5}.Debug|x86.Build.0 = Debug|Win32
		{AA455085-5028-4ED1-908B-B3EDED1B34F5}.Release|x64.ActiveCfg = Release|x64
		{AA455085-5028-4ED1-908B-B3EDED1B34F5}.Release|x64.Build.0 = Release|x64
		{AA455085-5028-4ED1-908B-B3EDED1B34F5}.Release|x86.ActiveCfg = Release|Win32
		{AA455085-5028-4ED1-908B-B3EDED1B34F5}.Release|x86.Build.0 = Release|Win32
		{5AE41BC6-5FC7-43F3-842F-8462101FC29D}.Debug|x64.ActiveCfg = Debug|x64
		{5AE41BC6-5FC7-43F3-842F-8462101FC29D}.Debug|x64.Build.0 = Debug|x64
		{5AE41BC6-5FC7-43F3-842F-8462101FC29D}.Debug|x86.ActiveCfg = Debug|Win32
		{5AE41BC6-5FC7-43F3-842F-8462101FC29D}.Debug|x86.Build.0 = Debug|Win32
		{5AE41BC6-5FC7-43F3-842F-8462101FC29D}.Release|x64.ActiveCfg = Release|x64
		{5AE41BC6-5FC7-43F3-842F-8462101FC29D}.Release|x64.Build.0 = Release|x64
		{5AE41BC6-5FC7-43F3-842F-8462101FC29D}.Release|x86.ActiveCfg = Release|Win32
		{5AE41BC6-5FC7-43F3-842F-8462101FC29D}.Release|x86.Build.0 = Release|Win32
		{4E3B85CE-757C-48F6-A1A2-D666F02F9CF2}.Debug|x64.ActiveCfg = Debug|x64
		{4E3B85CE-757C-48F6-A1A2-D666F02F9CF2}.Debug|x64.Build.0 = Debug|x64
		{4E3B85CE-757C-48F6-A1A2-D666F02F9CF2}.Debug|x86.ActiveCfg = Debug|Win32
		{4E3B85CE-757C-48F6-A1A2-D666F02F9CF2}.Debug|x86.Build.0 = Debug|Win32
		{4E3B85CE-757C-48F6-A1A2-D666F02F9CF2}.Release|x64.ActiveCfg = Release|x64
		{4E3B85CE-757C-48F6-A1A2-D666F02F9CF2}.Release|x64.Build.0 = Release|x64
		{4E3B85CE-757C-48F6-A1A2-D666F02F9CF2}.Release|x86.ActiveCfg = Release|Win32
		{4E3B85CE-757C-48F6-A1A2-D666F02F9CF2}.Release|x86.Build.0 = Release|Win32
		{1DD9BAE6-A1CE-4883-A592-6ABAE44565CE}.Debug|x64.ActiveCfg = Debug|x64
		{1DD9BAE6-A1CE-4883-A592-6ABAE44565CE}.Debug|x64.Build.0 = Debug|x64
		{1DD9BAE6-A1CE-4883-A592-6ABAE44565CE}.Debug|x86.ActiveCfg = Debug|Win32
		{1DD9BAE6-A1CE-4883-A592-6ABAE44565CE}.Debug|x86.Build.0 = Debug|Win32
		{1DD9BAE6-A1CE-4883-A592-6ABAE44565CE}.Release|x64.ActiveCfg = Release|x64
		{1DD9BAE6-A1CE-4883-A592-6ABAE44565CE}.Release|x64.Build.0 = Release|x64
		{1DD9BAE6-A1CE-4883-A592-6ABAE44565CE}.Release|x86.ActiveCfg = Release|Win32
		{1DD9BAE6-A1CE-4883-A592-6ABAE44565CE}.Release|x86.Build.0 = Release|Win32
		{8D313C10-7F2D-4010-9AC8-5B1EB2F07304}.Debug|x64.ActiveCfg = Debug|x64
		{8D313C10-7F2D-4010-9AC8-5B1EB2F07304}.Debug|x64.Build.0 = Debug|x64
		{8D313C10-7F2D-4010-9AC8-5B1EB2F07304}.Debug|x86.ActiveCfg = Debug|Win32
		{8D313C10-7F2D-4010-9AC8-5B1EB2F07304}.Debug|x86.Build.0 = Debug|Win32
		{8D313C10-7F2D-4010-9AC8-5B1EB2F07304}.Release|x64.ActiveCfg = Release|x64
		{8D313C10-7F2D-4010-9AC8-5B1EB2F07304}.Release|x64.Build.0 = Release|x64
		{8D313C10-7F2D-4010-9AC8-5B1EB2F07304}.Release|x86.ActiveCfg = Release|Win32
		{8D313C10-7F2D-4010-9AC8-5B1EB2F07304}.Release|x86.Build.0 = Release|Win32
		{24F5A5BC-1A8A-459C-B685-8EE9EC5D6FE0}.Debug|x64.ActiveCfg = Debug|x64
		{24F5A5BC-1A8A-459C-B685-8EE9EC5D6FE0}.Debug|x64.Build.0 = Debug|x64
		{24F5A5BC-1A8A-459C-B685-8EE9EC5D6FE0}.Debug|x86.ActiveCfg = Debug|Win32
		{24F5A5BC-1A8A-459C-B685-8EE9EC5D6FE0}.Debug|x86.Build.0 = Debug|Win32
		{24F5A5BC-1A8A-459C-B685-8EE9EC5D6FE0}.Release|x64.ActiveCfg = Release|x64
		{24F5A5BC-1A8A-459C-B685-8EE9EC5D6FE0}.Release|x64.Build.0 = Release|x64
		{24F5A5BC-1A8A-459C-B685-8EE9EC5D6FE0}.Release|x86.ActiveCfg = Release|Win32
		{24F5A5BC-1A8A-459C-B685-8EE9EC5D6FE0}.Release|x86.Build.0 = Release|Win32
		{89F72B5A-D58C-4C4C-95C1-B680A9F4D744}.Debug|x64.ActiveCfg = Debug|x64
		{89F72B5A-D58C-4C4C-95C1-B680A9F4D744}.Debug|x64.Build.0 = Debug|x64
		{89F72B5A-D58C-4C4C-95C1-B680A9F4D744}.Debug|x86.ActiveCfg = Debug|Win32
		{89F72B5A-D58C-4C4C-95C1-B680A9F4D744}.Debug|x86.Build.0 = Debug|Win32
		{89F72B5A-D58C-4C4C-95C1-B680A9F4D744}.Release|x64.ActiveCfg = Release|x64
		{89F72B5A-D58C-4C4C-95C1-B680A9F4D744}.Release|x64.Build.0 = Release|x64
		{89F72B5A-D58C-4C4C-95C1-B680A9F4D744}.Release|x86.ActiveCfg = Release|Win32
		{89F72B5A-D58C-4C4C-95C1-B680A9F4D744}.Release|x86.Build.0 = Release|Win32
	EndGlobalSection
	GlobalSection(SolutionProperties) = preSolution
		HideSolutionNode = FALSE
	EndGlobalSection
	GlobalSection(ExtensibilityGlobals) = postSolution
		SolutionGuid = {BA3DBD24-14D9-4297-99BD-0280FF9ABF92}
	EndGlobalSection
EndGlobal
